// !$*UTF8*$!
{
	archiveVersion = 1;
	classes = {
	};
	objectVersion = 50;
	objects = {

/* Begin PBXBuildFile section */
		4490CD34237774BB00E9BC83 /* AppDelegate.swift in Sources */ = {isa = PBXBuildFile; fileRef = 4490CD33237774BB00E9BC83 /* AppDelegate.swift */; };
		4490CD36237774BB00E9BC83 /* SceneDelegate.swift in Sources */ = {isa = PBXBuildFile; fileRef = 4490CD35237774BB00E9BC83 /* SceneDelegate.swift */; };
		4490CD38237774BB00E9BC83 /* ContentView.swift in Sources */ = {isa = PBXBuildFile; fileRef = 4490CD37237774BB00E9BC83 /* ContentView.swift */; };
		4490CD3A237774BD00E9BC83 /* Assets.xcassets in Resources */ = {isa = PBXBuildFile; fileRef = 4490CD39237774BD00E9BC83 /* Assets.xcassets */; };
		4490CD3D237774BD00E9BC83 /* Preview Assets.xcassets in Resources */ = {isa = PBXBuildFile; fileRef = 4490CD3C237774BD00E9BC83 /* Preview Assets.xcassets */; };
		4490CD40237774BD00E9BC83 /* LaunchScreen.storyboard in Resources */ = {isa = PBXBuildFile; fileRef = 4490CD3E237774BD00E9BC83 /* LaunchScreen.storyboard */; };
		4490CD4B23777E6700E9BC83 /* ExpenseItem.swift in Sources */ = {isa = PBXBuildFile; fileRef = 4490CD4A23777E6700E9BC83 /* ExpenseItem.swift */; };
		4490CD4D23777EA400E9BC83 /* Expenses.swift in Sources */ = {isa = PBXBuildFile; fileRef = 4490CD4C23777EA400E9BC83 /* Expenses.swift */; };
		4490CD4F23778AA000E9BC83 /* AddView.swift in Sources */ = {isa = PBXBuildFile; fileRef = 4490CD4E23778AA000E9BC83 /* AddView.swift */; };
/* End PBXBuildFile section */

/* Begin PBXFileReference section */
		4490CD30237774BB00E9BC83 /* Project7.app */ = {isa = PBXFileReference; explicitFileType = wrapper.application; includeInIndex = 0; path = Project7.app; sourceTree = BUILT_PRODUCTS_DIR; };
		4490CD33237774BB00E9BC83 /* AppDelegate.swift */ = {isa = PBXFileReference; lastKnownFileType = sourcecode.swift; path = AppDelegate.swift; sourceTree = "<group>"; };
		4490CD35237774BB00E9BC83 /* SceneDelegate.swift */ = {isa = PBXFileReference; lastKnownFileType = sourcecode.swift; path = SceneDelegate.swift; sourceTree = "<group>"; };
		4490CD37237774BB00E9BC83 /* ContentView.swift */ = {isa = PBXFileReference; lastKnownFileType = sourcecode.swift; path = ContentView.swift; sourceTree = "<group>"; };
		4490CD39237774BD00E9BC83 /* Assets.xcassets */ = {isa = PBXFileReference; lastKnownFileType = folder.assetcatalog; path = Assets.xcassets; sourceTree = "<group>"; };
		4490CD3C237774BD00E9BC83 /* Preview Assets.xcassets */ = {isa = PBXFileReference; lastKnownFileType = folder.assetcatalog; path = "Preview Assets.xcassets"; sourceTree = "<group>"; };
		4490CD3F237774BD00E9BC83 /* Base */ = {isa = PBXFileReference; lastKnownFileType = file.storyboard; name = Base; path = Base.lproj/LaunchScreen.storyboard; sourceTree = "<group>"; };
		4490CD41237774BD00E9BC83 /* Info.plist */ = {isa = PBXFileReference; lastKnownFileType = text.plist.xml; path = Info.plist; sourceTree = "<group>"; };
		4490CD4A23777E6700E9BC83 /* ExpenseItem.swift */ = {isa = PBXFileReference; lastKnownFileType = sourcecode.swift; path = ExpenseItem.swift; sourceTree = "<group>"; };
		4490CD4C23777EA400E9BC83 /* Expenses.swift */ = {isa = PBXFileReference; lastKnownFileType = sourcecode.swift; path = Expenses.swift; sourceTree = "<group>"; };
		4490CD4E23778AA000E9BC83 /* AddView.swift */ = {isa = PBXFileReference; lastKnownFileType = sourcecode.swift; name = AddView.swift; path = ../../AddView.swift; sourceTree = "<group>"; };
/* End PBXFileReference section */

/* Begin PBXFrameworksBuildPhase section */
		4490CD2D237774BB00E9BC83 /* Frameworks */ = {
			isa = PBXFrameworksBuildPhase;
			buildActionMask = 2147483647;
			files = (
			);
			runOnlyForDeploymentPostprocessing = 0;
		};
/* End PBXFrameworksBuildPhase section */

/* Begin PBXGroup section */
		4490CD27237774BB00E9BC83 = {
			isa = PBXGroup;
			children = (
				4490CD32237774BB00E9BC83 /* Project7 */,
				4490CD31237774BB00E9BC83 /* Products */,
			);
			sourceTree = "<group>";
		};
		4490CD31237774BB00E9BC83 /* Products */ = {
			isa = PBXGroup;
			children = (
				4490CD30237774BB00E9BC83 /* Project7.app */,
			);
			name = Products;
			sourceTree = "<group>";
		};
		4490CD32237774BB00E9BC83 /* Project7 */ = {
			isa = PBXGroup;
			children = (
				4490CD4723777D9A00E9BC83 /* models */,
				4490CD33237774BB00E9BC83 /* AppDelegate.swift */,
				4490CD35237774BB00E9BC83 /* SceneDelegate.swift */,
				4490CD37237774BB00E9BC83 /* ContentView.swift */,
				4490CD39237774BD00E9BC83 /* Assets.xcassets */,
				4490CD3E237774BD00E9BC83 /* LaunchScreen.storyboard */,
				4490CD41237774BD00E9BC83 /* Info.plist */,
				4490CD3B237774BD00E9BC83 /* Preview Content */,
				4490CD4E23778AA000E9BC83 /* AddView.swift */,
			);
			path = Project7;
			sourceTree = "<group>";
		};
		4490CD3B237774BD00E9BC83 /* Preview Content */ = {
			isa = PBXGroup;
			children = (
				4490CD3C237774BD00E9BC83 /* Preview Assets.xcassets */,
			);
			path = "Preview Content";
			sourceTree = "<group>";
		};
		4490CD4723777D9A00E9BC83 /* models */ = {
			isa = PBXGroup;
			children = (
				4490CD4A23777E6700E9BC83 /* ExpenseItem.swift */,
				4490CD4C23777EA400E9BC83 /* Expenses.swift */,
			);
			path = models;
			sourceTree = "<group>";
		};
/* End PBXGroup section */

/* Begin PBXNativeTarget section */
		4490CD2F237774BB00E9BC83 /* Project7 */ = {
			isa = PBXNativeTarget;
			buildConfigurationList = 4490CD44237774BD00E9BC83 /* Build configuration list for PBXNativeTarget "Project7" */;
			buildPhases = (
				4490CD2C237774BB00E9BC83 /* Sources */,
				4490CD2D237774BB00E9BC83 /* Frameworks */,
				4490CD2E237774BB00E9BC83 /* Resources */,
			);
			buildRules = (
			);
			dependencies = (
			);
			name = Project7;
			productName = Project7;
			productReference = 4490CD30237774BB00E9BC83 /* Project7.app */;
			productType = "com.apple.product-type.application";
		};
/* End PBXNativeTarget section */

/* Begin PBXProject section */
		4490CD28237774BB00E9BC83 /* Project object */ = {
			isa = PBXProject;
			attributes = {
				LastSwiftUpdateCheck = 1120;
				LastUpgradeCheck = 1120;
				ORGANIZATIONNAME = "Liem Vo";
				TargetAttributes = {
					4490CD2F237774BB00E9BC83 = {
						CreatedOnToolsVersion = 11.2;
					};
				};
			};
			buildConfigurationList = 4490CD2B237774BB00E9BC83 /* Build configuration list for PBXProject "Project7" */;
			compatibilityVersion = "Xcode 9.3";
			developmentRegion = en;
			hasScannedForEncodings = 0;
			knownRegions = (
				en,
				Base,
			);
			mainGroup = 4490CD27237774BB00E9BC83;
			productRefGroup = 4490CD31237774BB00E9BC83 /* Products */;
			projectDirPath = "";
			projectRoot = "";
			targets = (
				4490CD2F237774BB00E9BC83 /* Project7 */,
			);
		};
/* End PBXProject section */

/* Begin PBXResourcesBuildPhase section */
		4490CD2E237774BB00E9BC83 /* Resources */ = {
			isa = PBXResourcesBuildPhase;
			buildActionMask = 2147483647;
			files = (
				4490CD40237774BD00E9BC83 /* LaunchScreen.storyboard in Resources */,
				4490CD3D237774BD00E9BC83 /* Preview Assets.xcassets in Resources */,
				4490CD3A237774BD00E9BC83 /* Assets.xcassets in Resources */,
			);
			runOnlyForDeploymentPostprocessing = 0;
		};
/* End PBXResourcesBuildPhase section */

/* Begin PBXSourcesBuildPhase section */
		4490CD2C237774BB00E9BC83 /* Sources */ = {
			isa = PBXSourcesBuildPhase;
			buildActionMask = 2147483647;
			files = (
				4490CD4D23777EA400E9BC83 /* Expenses.swift in Sources */,
				4490CD34237774BB00E9BC83 /* AppDelegate.swift in Sources */,
				4490CD4F23778AA000E9BC83 /* AddView.swift in Sources */,
				4490CD4B23777E6700E9BC83 /* ExpenseItem.swift in Sources */,
				4490CD36237774BB00E9BC83 /* SceneDelegate.swift in Sources */,
				4490CD38237774BB00E9BC83 /* ContentView.swift in Sources */,
			);
			runOnlyForDeploymentPostprocessing = 0;
		};
/* End PBXSourcesBuildPhase section */

/* Begin PBXVariantGroup section */
		4490CD3E237774BD00E9BC83 /* LaunchScreen.storyboard */ = {
			isa = PBXVariantGroup;
			children = (
				4490CD3F237774BD00E9BC83 /* Base */,
			);
			name = LaunchScreen.storyboard;
			sourceTree = "<group>";
		};
/* End PBXVariantGroup section */

/* Begin XCBuildConfiguration section */
		4490CD42237774BD00E9BC83 /* Debug */ = {
			isa = XCBuildConfiguration;
			buildSettings = {
				ALWAYS_SEARCH_USER_PATHS = NO;
				CLANG_ANALYZER_NONNULL = YES;
				CLANG_ANALYZER_NUMBER_OBJECT_CONVERSION = YES_AGGRESSIVE;
				CLANG_CXX_LANGUAGE_STANDARD = "gnu++14";
				CLANG_CXX_LIBRARY = "libc++";
				CLANG_ENABLE_MODULES = YES;
				CLANG_ENABLE_OBJC_ARC = YES;
				CLANG_ENABLE_OBJC_WEAK = YES;
				CLANG_WARN_BLOCK_CAPTURE_AUTORELEASING = YES;
				CLANG_WARN_BOOL_CONVERSION = YES;
				CLANG_WARN_COMMA = YES;
				CLANG_WARN_CONSTANT_CONVERSION = YES;
				CLANG_WARN_DEPRECATED_OBJC_IMPLEMENTATIONS = YES;
				CLANG_WARN_DIRECT_OBJC_ISA_USAGE = YES_ERROR;
				CLANG_WARN_DOCUMENTATION_COMMENTS = YES;
				CLANG_WARN_EMPTY_BODY = YES;
				CLANG_WARN_ENUM_CONVERSION = YES;
				CLANG_WARN_INFINITE_RECURSION = YES;
				CLANG_WARN_INT_CONVERSION = YES;
				CLANG_WARN_NON_LITERAL_NULL_CONVERSION = YES;
				CLANG_WARN_OBJC_IMPLICIT_RETAIN_SELF = YES;
				CLANG_WARN_OBJC_LITERAL_CONVERSION = YES;
				CLANG_WARN_OBJC_ROOT_CLASS = YES_ERROR;
				CLANG_WARN_RANGE_LOOP_ANALYSIS = YES;
				CLANG_WARN_STRICT_PROTOTYPES = YES;
				CLANG_WARN_SUSPICIOUS_MOVE = YES;
				CLANG_WARN_UNGUARDED_AVAILABILITY = YES_AGGRESSIVE;
				CLANG_WARN_UNREACHABLE_CODE = YES;
				CLANG_WARN__DUPLICATE_METHOD_MATCH = YES;
				COPY_PHASE_STRIP = NO;
				DEBUG_INFORMATION_FORMAT = dwarf;
				ENABLE_STRICT_OBJC_MSGSEND = YES;
				ENABLE_TESTABILITY = YES;
				GCC_C_LANGUAGE_STANDARD = gnu11;
				GCC_DYNAMIC_NO_PIC = NO;
				GCC_NO_COMMON_BLOCKS = YES;
				GCC_OPTIMIZATION_LEVEL = 0;
				GCC_PREPROCESSOR_DEFINITIONS = (
					"DEBUG=1",
					"$(inherited)",
				);
				GCC_WARN_64_TO_32_BIT_CONVERSION = YES;
				GCC_WARN_ABOUT_RETURN_TYPE = YES_ERROR;
				GCC_WARN_UNDECLARED_SELECTOR = YES;
				GCC_WARN_UNINITIALIZED_AUTOS = YES_AGGRESSIVE;
				GCC_WARN_UNUSED_FUNCTION = YES;
				GCC_WARN_UNUSED_VARIABLE = YES;
				IPHONEOS_DEPLOYMENT_TARGET = 13.2;
				MTL_ENABLE_DEBUG_INFO = INCLUDE_SOURCE;
				MTL_FAST_MATH = YES;
				ONLY_ACTIVE_ARCH = YES;
				SDKROOT = iphoneos;
				SWIFT_ACTIVE_COMPILATION_CONDITIONS = DEBUG;
				SWIFT_OPTIMIZATION_LEVEL = "-Onone";
			};
			name = Debug;
		};
		4490CD43237774BD00E9BC83 /* Release */ = {
			isa = XCBuildConfiguration;
			buildSettings = {
				ALWAYS_SEARCH_USER_PATHS = NO;
				CLANG_ANALYZER_NONNULL = YES;
				CLANG_ANALYZER_NUMBER_OBJECT_CONVERSION = YES_AGGRESSIVE;
				CLANG_CXX_LANGUAGE_STANDARD = "gnu++14";
				CLANG_CXX_LIBRARY = "libc++";
				CLANG_ENABLE_MODULES = YES;
				CLANG_ENABLE_OBJC_ARC = YES;
				CLANG_ENABLE_OBJC_WEAK = YES;
				CLANG_WARN_BLOCK_CAPTURE_AUTORELEASING = YES;
				CLANG_WARN_BOOL_CONVERSION = YES;
				CLANG_WARN_COMMA = YES;
				CLANG_WARN_CONSTANT_CONVERSION = YES;
				CLANG_WARN_DEPRECATED_OBJC_IMPLEMENTATIONS = YES;
				CLANG_WARN_DIRECT_OBJC_ISA_USAGE = YES_ERROR;
				CLANG_WARN_DOCUMENTATION_COMMENTS = YES;
				CLANG_WARN_EMPTY_BODY = YES;
				CLANG_WARN_ENUM_CONVERSION = YES;
				CLANG_WARN_INFINITE_RECURSION = YES;
				CLANG_WARN_INT_CONVERSION = YES;
				CLANG_WARN_NON_LITERAL_NULL_CONVERSION = YES;
				CLANG_WARN_OBJC_IMPLICIT_RETAIN_SELF = YES;
				CLANG_WARN_OBJC_LITERAL_CONVERSION = YES;
				CLANG_WARN_OBJC_ROOT_CLASS = YES_ERROR;
				CLANG_WARN_RANGE_LOOP_ANALYSIS = YES;
				CLANG_WARN_STRICT_PROTOTYPES = YES;
				CLANG_WARN_SUSPICIOUS_MOVE = YES;
				CLANG_WARN_UNGUARDED_AVAILABILITY = YES_AGGRESSIVE;
				CLANG_WARN_UNREACHABLE_CODE = YES;
				CLANG_WARN__DUPLICATE_METHOD_MATCH = YES;
				COPY_PHASE_STRIP = NO;
				DEBUG_INFORMATION_FORMAT = "dwarf-with-dsym";
				ENABLE_NS_ASSERTIONS = NO;
				ENABLE_STRICT_OBJC_MSGSEND = YES;
				GCC_C_LANGUAGE_STANDARD = gnu11;
				GCC_NO_COMMON_BLOCKS = YES;
				GCC_WARN_64_TO_32_BIT_CONVERSION = YES;
				GCC_WARN_ABOUT_RETURN_TYPE = YES_ERROR;
				GCC_WARN_UNDECLARED_SELECTOR = YES;
				GCC_WARN_UNINITIALIZED_AUTOS = YES_AGGRESSIVE;
				GCC_WARN_UNUSED_FUNCTION = YES;
				GCC_WARN_UNUSED_VARIABLE = YES;
				IPHONEOS_DEPLOYMENT_TARGET = 13.2;
				MTL_ENABLE_DEBUG_INFO = NO;
				MTL_FAST_MATH = YES;
				SDKROOT = iphoneos;
				SWIFT_COMPILATION_MODE = wholemodule;
				SWIFT_OPTIMIZATION_LEVEL = "-O";
				VALIDATE_PRODUCT = YES;
			};
			name = Release;
		};
		4490CD45237774BD00E9BC83 /* Debug */ = {
			isa = XCBuildConfiguration;
			buildSettings = {
				ASSETCATALOG_COMPILER_APPICON_NAME = AppIcon;
				CODE_SIGN_STYLE = Automatic;
				DEVELOPMENT_ASSET_PATHS = "\"Project7/Preview Content\"";
				DEVELOPMENT_TEAM = X3FGZM4HB9;
				ENABLE_PREVIEWS = YES;
				INFOPLIST_FILE = Project7/Info.plist;
				LD_RUNPATH_SEARCH_PATHS = (
					"$(inherited)",
					"@executable_path/Frameworks",
				);
				PRODUCT_BUNDLE_IDENTIFIER = com.vad.Project7;
				PRODUCT_NAME = "$(TARGET_NAME)";
				SWIFT_VERSION = 5.0;
				TARGETED_DEVICE_FAMILY = "1,2";
			};
			name = Debug;
		};
		4490CD46237774BD00E9BC83 /* Release */ = {
			isa = XCBuildConfiguration;
			buildSettings = {
				ASSETCATALOG_COMPILER_APPICON_NAME = AppIcon;
				CODE_SIGN_STYLE = Automatic;
				DEVELOPMENT_ASSET_PATHS = "\"Project7/Preview Content\"";
				DEVELOPMENT_TEAM = X3FGZM4HB9;
				ENABLE_PREVIEWS = YES;
				INFOPLIST_FILE = Project7/Info.plist;
				LD_RUNPATH_SEARCH_PATHS = (
					"$(inherited)",
					"@executable_path/Frameworks",
				);
				PRODUCT_BUNDLE_IDENTIFIER = com.vad.Project7;
				PRODUCT_NAME = "$(TARGET_NAME)";
				SWIFT_VERSION = 5.0;
				TARGETED_DEVICE_FAMILY = "1,2";
			};
			name = Release;
		};
/* End XCBuildConfiguration section */

/* Begin XCConfigurationList section */
		4490CD2B237774BB00E9BC83 /* Build configuration list for PBXProject "Project7" */ = {
			isa = XCConfigurationList;
			buildConfigurations = (
				4490CD42237774BD00E9BC83 /* Debug */,
				4490CD43237774BD00E9BC83 /* Release */,
			);
			defaultConfigurationIsVisible = 0;
			defaultConfigurationName = Release;
		};
		4490CD44237774BD00E9BC83 /* Build configuration list for PBXNativeTarget "Project7" */ = {
			isa = XCConfigurationList;
			buildConfigurations = (
				4490CD45237774BD00E9BC83 /* Debug */,
				4490CD46237774BD00E9BC83 /* Release */,
			);
			defaultConfigurationIsVisible = 0;
			defaultConfigurationName = Release;
		};
/* End XCConfigurationList section */
	};
	rootObject = 4490CD28237774BB00E9BC83 /* Project object */;
}
