// !$*UTF8*$!
{
	archiveVersion = 1;
	classes = {
	};
	objectVersion = 50;
	objects = {

/* Begin PBXBuildFile section */
		443AA8182372AB9800DD7E91 /* AppDelegate.swift in Sources */ = {isa = PBXBuildFile; fileRef = 443AA8172372AB9800DD7E91 /* AppDelegate.swift */; };
		443AA81A2372AB9800DD7E91 /* SceneDelegate.swift in Sources */ = {isa = PBXBuildFile; fileRef = 443AA8192372AB9800DD7E91 /* SceneDelegate.swift */; };
		443AA81C2372AB9800DD7E91 /* ContentView.swift in Sources */ = {isa = PBXBuildFile; fileRef = 443AA81B2372AB9800DD7E91 /* ContentView.swift */; };
		443AA81E2372AB9900DD7E91 /* Assets.xcassets in Resources */ = {isa = PBXBuildFile; fileRef = 443AA81D2372AB9900DD7E91 /* Assets.xcassets */; };
		443AA8212372AB9900DD7E91 /* Preview Assets.xcassets in Resources */ = {isa = PBXBuildFile; fileRef = 443AA8202372AB9900DD7E91 /* Preview Assets.xcassets */; };
		443AA8242372AB9900DD7E91 /* LaunchScreen.storyboard in Resources */ = {isa = PBXBuildFile; fileRef = 443AA8222372AB9900DD7E91 /* LaunchScreen.storyboard */; };
		443AA82C2372B4F600DD7E91 /* start.txt in Resources */ = {isa = PBXBuildFile; fileRef = 443AA82B2372B4F600DD7E91 /* start.txt */; };
/* End PBXBuildFile section */

/* Begin PBXFileReference section */
		443AA8142372AB9800DD7E91 /* WordScarmble.app */ = {isa = PBXFileReference; explicitFileType = wrapper.application; includeInIndex = 0; path = WordScarmble.app; sourceTree = BUILT_PRODUCTS_DIR; };
		443AA8172372AB9800DD7E91 /* AppDelegate.swift */ = {isa = PBXFileReference; lastKnownFileType = sourcecode.swift; path = AppDelegate.swift; sourceTree = "<group>"; };
		443AA8192372AB9800DD7E91 /* SceneDelegate.swift */ = {isa = PBXFileReference; lastKnownFileType = sourcecode.swift; path = SceneDelegate.swift; sourceTree = "<group>"; };
		443AA81B2372AB9800DD7E91 /* ContentView.swift */ = {isa = PBXFileReference; lastKnownFileType = sourcecode.swift; path = ContentView.swift; sourceTree = "<group>"; };
		443AA81D2372AB9900DD7E91 /* Assets.xcassets */ = {isa = PBXFileReference; lastKnownFileType = folder.assetcatalog; path = Assets.xcassets; sourceTree = "<group>"; };
		443AA8202372AB9900DD7E91 /* Preview Assets.xcassets */ = {isa = PBXFileReference; lastKnownFileType = folder.assetcatalog; path = "Preview Assets.xcassets"; sourceTree = "<group>"; };
		443AA8232372AB9900DD7E91 /* Base */ = {isa = PBXFileReference; lastKnownFileType = file.storyboard; name = Base; path = Base.lproj/LaunchScreen.storyboard; sourceTree = "<group>"; };
		443AA8252372AB9900DD7E91 /* Info.plist */ = {isa = PBXFileReference; lastKnownFileType = text.plist.xml; path = Info.plist; sourceTree = "<group>"; };
		443AA82B2372B4F600DD7E91 /* start.txt */ = {isa = PBXFileReference; fileEncoding = 4; lastKnownFileType = text; path = start.txt; sourceTree = "<group>"; };
/* End PBXFileReference section */

/* Begin PBXFrameworksBuildPhase section */
		443AA8112372AB9800DD7E91 /* Frameworks */ = {
			isa = PBXFrameworksBuildPhase;
			buildActionMask = 2147483647;
			files = (
			);
			runOnlyForDeploymentPostprocessing = 0;
		};
/* End PBXFrameworksBuildPhase section */

/* Begin PBXGroup section */
		443AA80B2372AB9800DD7E91 = {
			isa = PBXGroup;
			children = (
				443AA8162372AB9800DD7E91 /* WordScarmble */,
				443AA8152372AB9800DD7E91 /* Products */,
			);
			sourceTree = "<group>";
		};
		443AA8152372AB9800DD7E91 /* Products */ = {
			isa = PBXGroup;
			children = (
				443AA8142372AB9800DD7E91 /* WordScarmble.app */,
			);
			name = Products;
			sourceTree = "<group>";
		};
		443AA8162372AB9800DD7E91 /* WordScarmble */ = {
			isa = PBXGroup;
			children = (
				443AA82B2372B4F600DD7E91 /* start.txt */,
				443AA8172372AB9800DD7E91 /* AppDelegate.swift */,
				443AA8192372AB9800DD7E91 /* SceneDelegate.swift */,
				443AA81B2372AB9800DD7E91 /* ContentView.swift */,
				443AA81D2372AB9900DD7E91 /* Assets.xcassets */,
				443AA8222372AB9900DD7E91 /* LaunchScreen.storyboard */,
				443AA8252372AB9900DD7E91 /* Info.plist */,
				443AA81F2372AB9900DD7E91 /* Preview Content */,
			);
			path = WordScarmble;
			sourceTree = "<group>";
		};
		443AA81F2372AB9900DD7E91 /* Preview Content */ = {
			isa = PBXGroup;
			children = (
				443AA8202372AB9900DD7E91 /* Preview Assets.xcassets */,
			);
			path = "Preview Content";
			sourceTree = "<group>";
		};
/* End PBXGroup section */

/* Begin PBXNativeTarget section */
		443AA8132372AB9800DD7E91 /* WordScarmble */ = {
			isa = PBXNativeTarget;
			buildConfigurationList = 443AA8282372AB9900DD7E91 /* Build configuration list for PBXNativeTarget "WordScarmble" */;
			buildPhases = (
				443AA8102372AB9800DD7E91 /* Sources */,
				443AA8112372AB9800DD7E91 /* Frameworks */,
				443AA8122372AB9800DD7E91 /* Resources */,
			);
			buildRules = (
			);
			dependencies = (
			);
			name = WordScarmble;
			productName = WordScarmble;
			productReference = 443AA8142372AB9800DD7E91 /* WordScarmble.app */;
			productType = "com.apple.product-type.application";
		};
/* End PBXNativeTarget section */

/* Begin PBXProject section */
		443AA80C2372AB9800DD7E91 /* Project object */ = {
			isa = PBXProject;
			attributes = {
				LastSwiftUpdateCheck = 1120;
				LastUpgradeCheck = 1120;
				ORGANIZATIONNAME = "Liem Vo";
				TargetAttributes = {
					443AA8132372AB9800DD7E91 = {
						CreatedOnToolsVersion = 11.2;
					};
				};
			};
			buildConfigurationList = 443AA80F2372AB9800DD7E91 /* Build configuration list for PBXProject "WordScarmble" */;
			compatibilityVersion = "Xcode 9.3";
			developmentRegion = en;
			hasScannedForEncodings = 0;
			knownRegions = (
				en,
				Base,
			);
			mainGroup = 443AA80B2372AB9800DD7E91;
			productRefGroup = 443AA8152372AB9800DD7E91 /* Products */;
			projectDirPath = "";
			projectRoot = "";
			targets = (
				443AA8132372AB9800DD7E91 /* WordScarmble */,
			);
		};
/* End PBXProject section */

/* Begin PBXResourcesBuildPhase section */
		443AA8122372AB9800DD7E91 /* Resources */ = {
			isa = PBXResourcesBuildPhase;
			buildActionMask = 2147483647;
			files = (
				443AA8242372AB9900DD7E91 /* LaunchScreen.storyboard in Resources */,
				443AA82C2372B4F600DD7E91 /* start.txt in Resources */,
				443AA8212372AB9900DD7E91 /* Preview Assets.xcassets in Resources */,
				443AA81E2372AB9900DD7E91 /* Assets.xcassets in Resources */,
			);
			runOnlyForDeploymentPostprocessing = 0;
		};
/* End PBXResourcesBuildPhase section */

/* Begin PBXSourcesBuildPhase section */
		443AA8102372AB9800DD7E91 /* Sources */ = {
			isa = PBXSourcesBuildPhase;
			buildActionMask = 2147483647;
			files = (
				443AA8182372AB9800DD7E91 /* AppDelegate.swift in Sources */,
				443AA81A2372AB9800DD7E91 /* SceneDelegate.swift in Sources */,
				443AA81C2372AB9800DD7E91 /* ContentView.swift in Sources */,
			);
			runOnlyForDeploymentPostprocessing = 0;
		};
/* End PBXSourcesBuildPhase section */

/* Begin PBXVariantGroup section */
		443AA8222372AB9900DD7E91 /* LaunchScreen.storyboard */ = {
			isa = PBXVariantGroup;
			children = (
				443AA8232372AB9900DD7E91 /* Base */,
			);
			name = LaunchScreen.storyboard;
			sourceTree = "<group>";
		};
/* End PBXVariantGroup section */

/* Begin XCBuildConfiguration section */
		443AA8262372AB9900DD7E91 /* Debug */ = {
			isa = XCBuildConfiguration;
			buildSettings = {
				ALWAYS_SEARCH_USER_PATHS = NO;
				CLANG_ANALYZER_NONNULL = YES;
				CLANG_ANALYZER_NUMBER_OBJECT_CONVERSION = YES_AGGRESSIVE;
				CLANG_CXX_LANGUAGE_STANDARD = "gnu++14";
				CLANG_CXX_LIBRARY = "libc++";
				CLANG_ENABLE_MODULES = YES;
				CLANG_ENABLE_OBJC_ARC = YES;
				CLANG_ENABLE_OBJC_WEAK = YES;
				CLANG_WARN_BLOCK_CAPTURE_AUTORELEASING = YES;
				CLANG_WARN_BOOL_CONVERSION = YES;
				CLANG_WARN_COMMA = YES;
				CLANG_WARN_CONSTANT_CONVERSION = YES;
				CLANG_WARN_DEPRECATED_OBJC_IMPLEMENTATIONS = YES;
				CLANG_WARN_DIRECT_OBJC_ISA_USAGE = YES_ERROR;
				CLANG_WARN_DOCUMENTATION_COMMENTS = YES;
				CLANG_WARN_EMPTY_BODY = YES;
				CLANG_WARN_ENUM_CONVERSION = YES;
				CLANG_WARN_INFINITE_RECURSION = YES;
				CLANG_WARN_INT_CONVERSION = YES;
				CLANG_WARN_NON_LITERAL_NULL_CONVERSION = YES;
				CLANG_WARN_OBJC_IMPLICIT_RETAIN_SELF = YES;
				CLANG_WARN_OBJC_LITERAL_CONVERSION = YES;
				CLANG_WARN_OBJC_ROOT_CLASS = YES_ERROR;
				CLANG_WARN_RANGE_LOOP_ANALYSIS = YES;
				CLANG_WARN_STRICT_PROTOTYPES = YES;
				CLANG_WARN_SUSPICIOUS_MOVE = YES;
				CLANG_WARN_UNGUARDED_AVAILABILITY = YES_AGGRESSIVE;
				CLANG_WARN_UNREACHABLE_CODE = YES;
				CLANG_WARN__DUPLICATE_METHOD_MATCH = YES;
				COPY_PHASE_STRIP = NO;
				DEBUG_INFORMATION_FORMAT = dwarf;
				ENABLE_STRICT_OBJC_MSGSEND = YES;
				ENABLE_TESTABILITY = YES;
				GCC_C_LANGUAGE_STANDARD = gnu11;
				GCC_DYNAMIC_NO_PIC = NO;
				GCC_NO_COMMON_BLOCKS = YES;
				GCC_OPTIMIZATION_LEVEL = 0;
				GCC_PREPROCESSOR_DEFINITIONS = (
					"DEBUG=1",
					"$(inherited)",
				);
				GCC_WARN_64_TO_32_BIT_CONVERSION = YES;
				GCC_WARN_ABOUT_RETURN_TYPE = YES_ERROR;
				GCC_WARN_UNDECLARED_SELECTOR = YES;
				GCC_WARN_UNINITIALIZED_AUTOS = YES_AGGRESSIVE;
				GCC_WARN_UNUSED_FUNCTION = YES;
				GCC_WARN_UNUSED_VARIABLE = YES;
				IPHONEOS_DEPLOYMENT_TARGET = 13.2;
				MTL_ENABLE_DEBUG_INFO = INCLUDE_SOURCE;
				MTL_FAST_MATH = YES;
				ONLY_ACTIVE_ARCH = YES;
				SDKROOT = iphoneos;
				SWIFT_ACTIVE_COMPILATION_CONDITIONS = DEBUG;
				SWIFT_OPTIMIZATION_LEVEL = "-Onone";
			};
			name = Debug;
		};
		443AA8272372AB9900DD7E91 /* Release */ = {
			isa = XCBuildConfiguration;
			buildSettings = {
				ALWAYS_SEARCH_USER_PATHS = NO;
				CLANG_ANALYZER_NONNULL = YES;
				CLANG_ANALYZER_NUMBER_OBJECT_CONVERSION = YES_AGGRESSIVE;
				CLANG_CXX_LANGUAGE_STANDARD = "gnu++14";
				CLANG_CXX_LIBRARY = "libc++";
				CLANG_ENABLE_MODULES = YES;
				CLANG_ENABLE_OBJC_ARC = YES;
				CLANG_ENABLE_OBJC_WEAK = YES;
				CLANG_WARN_BLOCK_CAPTURE_AUTORELEASING = YES;
				CLANG_WARN_BOOL_CONVERSION = YES;
				CLANG_WARN_COMMA = YES;
				CLANG_WARN_CONSTANT_CONVERSION = YES;
				CLANG_WARN_DEPRECATED_OBJC_IMPLEMENTATIONS = YES;
				CLANG_WARN_DIRECT_OBJC_ISA_USAGE = YES_ERROR;
				CLANG_WARN_DOCUMENTATION_COMMENTS = YES;
				CLANG_WARN_EMPTY_BODY = YES;
				CLANG_WARN_ENUM_CONVERSION = YES;
				CLANG_WARN_INFINITE_RECURSION = YES;
				CLANG_WARN_INT_CONVERSION = YES;
				CLANG_WARN_NON_LITERAL_NULL_CONVERSION = YES;
				CLANG_WARN_OBJC_IMPLICIT_RETAIN_SELF = YES;
				CLANG_WARN_OBJC_LITERAL_CONVERSION = YES;
				CLANG_WARN_OBJC_ROOT_CLASS = YES_ERROR;
				CLANG_WARN_RANGE_LOOP_ANALYSIS = YES;
				CLANG_WARN_STRICT_PROTOTYPES = YES;
				CLANG_WARN_SUSPICIOUS_MOVE = YES;
				CLANG_WARN_UNGUARDED_AVAILABILITY = YES_AGGRESSIVE;
				CLANG_WARN_UNREACHABLE_CODE = YES;
				CLANG_WARN__DUPLICATE_METHOD_MATCH = YES;
				COPY_PHASE_STRIP = NO;
				DEBUG_INFORMATION_FORMAT = "dwarf-with-dsym";
				ENABLE_NS_ASSERTIONS = NO;
				ENABLE_STRICT_OBJC_MSGSEND = YES;
				GCC_C_LANGUAGE_STANDARD = gnu11;
				GCC_NO_COMMON_BLOCKS = YES;
				GCC_WARN_64_TO_32_BIT_CONVERSION = YES;
				GCC_WARN_ABOUT_RETURN_TYPE = YES_ERROR;
				GCC_WARN_UNDECLARED_SELECTOR = YES;
				GCC_WARN_UNINITIALIZED_AUTOS = YES_AGGRESSIVE;
				GCC_WARN_UNUSED_FUNCTION = YES;
				GCC_WARN_UNUSED_VARIABLE = YES;
				IPHONEOS_DEPLOYMENT_TARGET = 13.2;
				MTL_ENABLE_DEBUG_INFO = NO;
				MTL_FAST_MATH = YES;
				SDKROOT = iphoneos;
				SWIFT_COMPILATION_MODE = wholemodule;
				SWIFT_OPTIMIZATION_LEVEL = "-O";
				VALIDATE_PRODUCT = YES;
			};
			name = Release;
		};
		443AA8292372AB9900DD7E91 /* Debug */ = {
			isa = XCBuildConfiguration;
			buildSettings = {
				ASSETCATALOG_COMPILER_APPICON_NAME = AppIcon;
				CODE_SIGN_STYLE = Automatic;
				DEVELOPMENT_ASSET_PATHS = "\"WordScarmble/Preview Content\"";
				DEVELOPMENT_TEAM = X3FGZM4HB9;
				ENABLE_PREVIEWS = YES;
				INFOPLIST_FILE = WordScarmble/Info.plist;
				LD_RUNPATH_SEARCH_PATHS = (
					"$(inherited)",
					"@executable_path/Frameworks",
				);
				PRODUCT_BUNDLE_IDENTIFIER = com.vad.WordScarmble;
				PRODUCT_NAME = "$(TARGET_NAME)";
				SWIFT_VERSION = 5.0;
				TARGETED_DEVICE_FAMILY = "1,2";
			};
			name = Debug;
		};
		443AA82A2372AB9900DD7E91 /* Release */ = {
			isa = XCBuildConfiguration;
			buildSettings = {
				ASSETCATALOG_COMPILER_APPICON_NAME = AppIcon;
				CODE_SIGN_STYLE = Automatic;
				DEVELOPMENT_ASSET_PATHS = "\"WordScarmble/Preview Content\"";
				DEVELOPMENT_TEAM = X3FGZM4HB9;
				ENABLE_PREVIEWS = YES;
				INFOPLIST_FILE = WordScarmble/Info.plist;
				LD_RUNPATH_SEARCH_PATHS = (
					"$(inherited)",
					"@executable_path/Frameworks",
				);
				PRODUCT_BUNDLE_IDENTIFIER = com.vad.WordScarmble;
				PRODUCT_NAME = "$(TARGET_NAME)";
				SWIFT_VERSION = 5.0;
				TARGETED_DEVICE_FAMILY = "1,2";
			};
			name = Release;
		};
/* End XCBuildConfiguration section */

/* Begin XCConfigurationList section */
		443AA80F2372AB9800DD7E91 /* Build configuration list for PBXProject "WordScarmble" */ = {
			isa = XCConfigurationList;
			buildConfigurations = (
				443AA8262372AB9900DD7E91 /* Debug */,
				443AA8272372AB9900DD7E91 /* Release */,
			);
			defaultConfigurationIsVisible = 0;
			defaultConfigurationName = Release;
		};
		443AA8282372AB9900DD7E91 /* Build configuration list for PBXNativeTarget "WordScarmble" */ = {
			isa = XCConfigurationList;
			buildConfigurations = (
				443AA8292372AB9900DD7E91 /* Debug */,
				443AA82A2372AB9900DD7E91 /* Release */,
			);
			defaultConfigurationIsVisible = 0;
			defaultConfigurationName = Release;
		};
/* End XCConfigurationList section */
	};
	rootObject = 443AA80C2372AB9800DD7E91 /* Project object */;
}
