// !$*UTF8*$!
{
	archiveVersion = 1;
	classes = {
	};
	objectVersion = 50;
	objects = {

/* Begin PBXBuildFile section */
		4410217C238F8EB500E3FCA7 /* ImageSaver.swift in Sources */ = {isa = PBXBuildFile; fileRef = 4410217B238F8EB500E3FCA7 /* ImageSaver.swift */; };
		44A2FA402390F19000484B55 /* FilterType.swift in Sources */ = {isa = PBXBuildFile; fileRef = 44A2FA3F2390F19000484B55 /* FilterType.swift */; };
		44A2FA422390FF8200484B55 /* PopSheet.swift in Sources */ = {isa = PBXBuildFile; fileRef = 44A2FA412390FF8200484B55 /* PopSheet.swift */; };
		44A8FD1C238BB6610001B96D /* ImagePicker.swift in Sources */ = {isa = PBXBuildFile; fileRef = 44A8FD1B238BB6610001B96D /* ImagePicker.swift */; };
		44DB3FEA238A354F007148A4 /* AppDelegate.swift in Sources */ = {isa = PBXBuildFile; fileRef = 44DB3FE9238A354F007148A4 /* AppDelegate.swift */; };
		44DB3FEC238A354F007148A4 /* SceneDelegate.swift in Sources */ = {isa = PBXBuildFile; fileRef = 44DB3FEB238A354F007148A4 /* SceneDelegate.swift */; };
		44DB3FEE238A354F007148A4 /* ContentView.swift in Sources */ = {isa = PBXBuildFile; fileRef = 44DB3FED238A354F007148A4 /* ContentView.swift */; };
		44DB3FF0238A3551007148A4 /* Assets.xcassets in Resources */ = {isa = PBXBuildFile; fileRef = 44DB3FEF238A3551007148A4 /* Assets.xcassets */; };
		44DB3FF3238A3551007148A4 /* Preview Assets.xcassets in Resources */ = {isa = PBXBuildFile; fileRef = 44DB3FF2238A3551007148A4 /* Preview Assets.xcassets */; };
		44DB3FF6238A3551007148A4 /* LaunchScreen.storyboard in Resources */ = {isa = PBXBuildFile; fileRef = 44DB3FF4238A3551007148A4 /* LaunchScreen.storyboard */; };
/* End PBXBuildFile section */

/* Begin PBXFileReference section */
		4410217B238F8EB500E3FCA7 /* ImageSaver.swift */ = {isa = PBXFileReference; lastKnownFileType = sourcecode.swift; path = ImageSaver.swift; sourceTree = "<group>"; };
		44A2FA3F2390F19000484B55 /* FilterType.swift */ = {isa = PBXFileReference; lastKnownFileType = sourcecode.swift; path = FilterType.swift; sourceTree = "<group>"; };
		44A2FA412390FF8200484B55 /* PopSheet.swift */ = {isa = PBXFileReference; lastKnownFileType = sourcecode.swift; path = PopSheet.swift; sourceTree = "<group>"; };
		44A8FD1B238BB6610001B96D /* ImagePicker.swift */ = {isa = PBXFileReference; lastKnownFileType = sourcecode.swift; path = ImagePicker.swift; sourceTree = "<group>"; };
		44DB3FE6238A354E007148A4 /* Instafilter.app */ = {isa = PBXFileReference; explicitFileType = wrapper.application; includeInIndex = 0; path = Instafilter.app; sourceTree = BUILT_PRODUCTS_DIR; };
		44DB3FE9238A354F007148A4 /* AppDelegate.swift */ = {isa = PBXFileReference; lastKnownFileType = sourcecode.swift; path = AppDelegate.swift; sourceTree = "<group>"; };
		44DB3FEB238A354F007148A4 /* SceneDelegate.swift */ = {isa = PBXFileReference; lastKnownFileType = sourcecode.swift; path = SceneDelegate.swift; sourceTree = "<group>"; };
		44DB3FED238A354F007148A4 /* ContentView.swift */ = {isa = PBXFileReference; lastKnownFileType = sourcecode.swift; path = ContentView.swift; sourceTree = "<group>"; };
		44DB3FEF238A3551007148A4 /* Assets.xcassets */ = {isa = PBXFileReference; lastKnownFileType = folder.assetcatalog; path = Assets.xcassets; sourceTree = "<group>"; };
		44DB3FF2238A3551007148A4 /* Preview Assets.xcassets */ = {isa = PBXFileReference; lastKnownFileType = folder.assetcatalog; path = "Preview Assets.xcassets"; sourceTree = "<group>"; };
		44DB3FF5238A3551007148A4 /* Base */ = {isa = PBXFileReference; lastKnownFileType = file.storyboard; name = Base; path = Base.lproj/LaunchScreen.storyboard; sourceTree = "<group>"; };
		44DB3FF7238A3551007148A4 /* Info.plist */ = {isa = PBXFileReference; lastKnownFileType = text.plist.xml; path = Info.plist; sourceTree = "<group>"; };
/* End PBXFileReference section */

/* Begin PBXFrameworksBuildPhase section */
		44DB3FE3238A354E007148A4 /* Frameworks */ = {
			isa = PBXFrameworksBuildPhase;
			buildActionMask = 2147483647;
			files = (
			);
			runOnlyForDeploymentPostprocessing = 0;
		};
/* End PBXFrameworksBuildPhase section */

/* Begin PBXGroup section */
		44DB3FDD238A354E007148A4 = {
			isa = PBXGroup;
			children = (
				44DB3FE8238A354E007148A4 /* Instafilter */,
				44DB3FE7238A354E007148A4 /* Products */,
			);
			sourceTree = "<group>";
		};
		44DB3FE7238A354E007148A4 /* Products */ = {
			isa = PBXGroup;
			children = (
				44DB3FE6238A354E007148A4 /* Instafilter.app */,
			);
			name = Products;
			sourceTree = "<group>";
		};
		44DB3FE8238A354E007148A4 /* Instafilter */ = {
			isa = PBXGroup;
			children = (
				44DB3FE9238A354F007148A4 /* AppDelegate.swift */,
				44DB3FEB238A354F007148A4 /* SceneDelegate.swift */,
				44DB3FED238A354F007148A4 /* ContentView.swift */,
				44DB3FEF238A3551007148A4 /* Assets.xcassets */,
				44DB3FF4238A3551007148A4 /* LaunchScreen.storyboard */,
				44DB3FF7238A3551007148A4 /* Info.plist */,
				44DB3FF1238A3551007148A4 /* Preview Content */,
				44A8FD1B238BB6610001B96D /* ImagePicker.swift */,
				4410217B238F8EB500E3FCA7 /* ImageSaver.swift */,
				44A2FA3F2390F19000484B55 /* FilterType.swift */,
				44A2FA412390FF8200484B55 /* PopSheet.swift */,
			);
			path = Instafilter;
			sourceTree = "<group>";
		};
		44DB3FF1238A3551007148A4 /* Preview Content */ = {
			isa = PBXGroup;
			children = (
				44DB3FF2238A3551007148A4 /* Preview Assets.xcassets */,
			);
			path = "Preview Content";
			sourceTree = "<group>";
		};
/* End PBXGroup section */

/* Begin PBXNativeTarget section */
		44DB3FE5238A354E007148A4 /* Instafilter */ = {
			isa = PBXNativeTarget;
			buildConfigurationList = 44DB3FFA238A3551007148A4 /* Build configuration list for PBXNativeTarget "Instafilter" */;
			buildPhases = (
				44DB3FE2238A354E007148A4 /* Sources */,
				44DB3FE3238A354E007148A4 /* Frameworks */,
				44DB3FE4238A354E007148A4 /* Resources */,
			);
			buildRules = (
			);
			dependencies = (
			);
			name = Instafilter;
			productName = Instafilter;
			productReference = 44DB3FE6238A354E007148A4 /* Instafilter.app */;
			productType = "com.apple.product-type.application";
		};
/* End PBXNativeTarget section */

/* Begin PBXProject section */
		44DB3FDE238A354E007148A4 /* Project object */ = {
			isa = PBXProject;
			attributes = {
				LastSwiftUpdateCheck = 1130;
				LastUpgradeCheck = 1130;
				ORGANIZATIONNAME = "Liem Vo";
				TargetAttributes = {
					44DB3FE5238A354E007148A4 = {
						CreatedOnToolsVersion = 11.3;
					};
				};
			};
			buildConfigurationList = 44DB3FE1238A354E007148A4 /* Build configuration list for PBXProject "Instafilter" */;
			compatibilityVersion = "Xcode 9.3";
			developmentRegion = en;
			hasScannedForEncodings = 0;
			knownRegions = (
				en,
				Base,
			);
			mainGroup = 44DB3FDD238A354E007148A4;
			productRefGroup = 44DB3FE7238A354E007148A4 /* Products */;
			projectDirPath = "";
			projectRoot = "";
			targets = (
				44DB3FE5238A354E007148A4 /* Instafilter */,
			);
		};
/* End PBXProject section */

/* Begin PBXResourcesBuildPhase section */
		44DB3FE4238A354E007148A4 /* Resources */ = {
			isa = PBXResourcesBuildPhase;
			buildActionMask = 2147483647;
			files = (
				44DB3FF6238A3551007148A4 /* LaunchScreen.storyboard in Resources */,
				44DB3FF3238A3551007148A4 /* Preview Assets.xcassets in Resources */,
				44DB3FF0238A3551007148A4 /* Assets.xcassets in Resources */,
			);
			runOnlyForDeploymentPostprocessing = 0;
		};
/* End PBXResourcesBuildPhase section */

/* Begin PBXSourcesBuildPhase section */
		44DB3FE2238A354E007148A4 /* Sources */ = {
			isa = PBXSourcesBuildPhase;
			buildActionMask = 2147483647;
			files = (
				44DB3FEA238A354F007148A4 /* AppDelegate.swift in Sources */,
				44A8FD1C238BB6610001B96D /* ImagePicker.swift in Sources */,
				4410217C238F8EB500E3FCA7 /* ImageSaver.swift in Sources */,
				44DB3FEC238A354F007148A4 /* SceneDelegate.swift in Sources */,
				44DB3FEE238A354F007148A4 /* ContentView.swift in Sources */,
				44A2FA402390F19000484B55 /* FilterType.swift in Sources */,
				44A2FA422390FF8200484B55 /* PopSheet.swift in Sources */,
			);
			runOnlyForDeploymentPostprocessing = 0;
		};
/* End PBXSourcesBuildPhase section */

/* Begin PBXVariantGroup section */
		44DB3FF4238A3551007148A4 /* LaunchScreen.storyboard */ = {
			isa = PBXVariantGroup;
			children = (
				44DB3FF5238A3551007148A4 /* Base */,
			);
			name = LaunchScreen.storyboard;
			sourceTree = "<group>";
		};
/* End PBXVariantGroup section */

/* Begin XCBuildConfiguration section */
		44DB3FF8238A3551007148A4 /* Debug */ = {
			isa = XCBuildConfiguration;
			buildSettings = {
				ALWAYS_SEARCH_USER_PATHS = NO;
				CLANG_ANALYZER_NONNULL = YES;
				CLANG_ANALYZER_NUMBER_OBJECT_CONVERSION = YES_AGGRESSIVE;
				CLANG_CXX_LANGUAGE_STANDARD = "gnu++14";
				CLANG_CXX_LIBRARY = "libc++";
				CLANG_ENABLE_MODULES = YES;
				CLANG_ENABLE_OBJC_ARC = YES;
				CLANG_ENABLE_OBJC_WEAK = YES;
				CLANG_WARN_BLOCK_CAPTURE_AUTORELEASING = YES;
				CLANG_WARN_BOOL_CONVERSION = YES;
				CLANG_WARN_COMMA = YES;
				CLANG_WARN_CONSTANT_CONVERSION = YES;
				CLANG_WARN_DEPRECATED_OBJC_IMPLEMENTATIONS = YES;
				CLANG_WARN_DIRECT_OBJC_ISA_USAGE = YES_ERROR;
				CLANG_WARN_DOCUMENTATION_COMMENTS = YES;
				CLANG_WARN_EMPTY_BODY = YES;
				CLANG_WARN_ENUM_CONVERSION = YES;
				CLANG_WARN_INFINITE_RECURSION = YES;
				CLANG_WARN_INT_CONVERSION = YES;
				CLANG_WARN_NON_LITERAL_NULL_CONVERSION = YES;
				CLANG_WARN_OBJC_IMPLICIT_RETAIN_SELF = YES;
				CLANG_WARN_OBJC_LITERAL_CONVERSION = YES;
				CLANG_WARN_OBJC_ROOT_CLASS = YES_ERROR;
				CLANG_WARN_RANGE_LOOP_ANALYSIS = YES;
				CLANG_WARN_STRICT_PROTOTYPES = YES;
				CLANG_WARN_SUSPICIOUS_MOVE = YES;
				CLANG_WARN_UNGUARDED_AVAILABILITY = YES_AGGRESSIVE;
				CLANG_WARN_UNREACHABLE_CODE = YES;
				CLANG_WARN__DUPLICATE_METHOD_MATCH = YES;
				COPY_PHASE_STRIP = NO;
				DEBUG_INFORMATION_FORMAT = dwarf;
				ENABLE_STRICT_OBJC_MSGSEND = YES;
				ENABLE_TESTABILITY = YES;
				GCC_C_LANGUAGE_STANDARD = gnu11;
				GCC_DYNAMIC_NO_PIC = NO;
				GCC_NO_COMMON_BLOCKS = YES;
				GCC_OPTIMIZATION_LEVEL = 0;
				GCC_PREPROCESSOR_DEFINITIONS = (
					"DEBUG=1",
					"$(inherited)",
				);
				GCC_WARN_64_TO_32_BIT_CONVERSION = YES;
				GCC_WARN_ABOUT_RETURN_TYPE = YES_ERROR;
				GCC_WARN_UNDECLARED_SELECTOR = YES;
				GCC_WARN_UNINITIALIZED_AUTOS = YES_AGGRESSIVE;
				GCC_WARN_UNUSED_FUNCTION = YES;
				GCC_WARN_UNUSED_VARIABLE = YES;
				IPHONEOS_DEPLOYMENT_TARGET = 13.2;
				MTL_ENABLE_DEBUG_INFO = INCLUDE_SOURCE;
				MTL_FAST_MATH = YES;
				ONLY_ACTIVE_ARCH = YES;
				SDKROOT = iphoneos;
				SWIFT_ACTIVE_COMPILATION_CONDITIONS = DEBUG;
				SWIFT_OPTIMIZATION_LEVEL = "-Onone";
			};
			name = Debug;
		};
		44DB3FF9238A3551007148A4 /* Release */ = {
			isa = XCBuildConfiguration;
			buildSettings = {
				ALWAYS_SEARCH_USER_PATHS = NO;
				CLANG_ANALYZER_NONNULL = YES;
				CLANG_ANALYZER_NUMBER_OBJECT_CONVERSION = YES_AGGRESSIVE;
				CLANG_CXX_LANGUAGE_STANDARD = "gnu++14";
				CLANG_CXX_LIBRARY = "libc++";
				CLANG_ENABLE_MODULES = YES;
				CLANG_ENABLE_OBJC_ARC = YES;
				CLANG_ENABLE_OBJC_WEAK = YES;
				CLANG_WARN_BLOCK_CAPTURE_AUTORELEASING = YES;
				CLANG_WARN_BOOL_CONVERSION = YES;
				CLANG_WARN_COMMA = YES;
				CLANG_WARN_CONSTANT_CONVERSION = YES;
				CLANG_WARN_DEPRECATED_OBJC_IMPLEMENTATIONS = YES;
				CLANG_WARN_DIRECT_OBJC_ISA_USAGE = YES_ERROR;
				CLANG_WARN_DOCUMENTATION_COMMENTS = YES;
				CLANG_WARN_EMPTY_BODY = YES;
				CLANG_WARN_ENUM_CONVERSION = YES;
				CLANG_WARN_INFINITE_RECURSION = YES;
				CLANG_WARN_INT_CONVERSION = YES;
				CLANG_WARN_NON_LITERAL_NULL_CONVERSION = YES;
				CLANG_WARN_OBJC_IMPLICIT_RETAIN_SELF = YES;
				CLANG_WARN_OBJC_LITERAL_CONVERSION = YES;
				CLANG_WARN_OBJC_ROOT_CLASS = YES_ERROR;
				CLANG_WARN_RANGE_LOOP_ANALYSIS = YES;
				CLANG_WARN_STRICT_PROTOTYPES = YES;
				CLANG_WARN_SUSPICIOUS_MOVE = YES;
				CLANG_WARN_UNGUARDED_AVAILABILITY = YES_AGGRESSIVE;
				CLANG_WARN_UNREACHABLE_CODE = YES;
				CLANG_WARN__DUPLICATE_METHOD_MATCH = YES;
				COPY_PHASE_STRIP = NO;
				DEBUG_INFORMATION_FORMAT = "dwarf-with-dsym";
				ENABLE_NS_ASSERTIONS = NO;
				ENABLE_STRICT_OBJC_MSGSEND = YES;
				GCC_C_LANGUAGE_STANDARD = gnu11;
				GCC_NO_COMMON_BLOCKS = YES;
				GCC_WARN_64_TO_32_BIT_CONVERSION = YES;
				GCC_WARN_ABOUT_RETURN_TYPE = YES_ERROR;
				GCC_WARN_UNDECLARED_SELECTOR = YES;
				GCC_WARN_UNINITIALIZED_AUTOS = YES_AGGRESSIVE;
				GCC_WARN_UNUSED_FUNCTION = YES;
				GCC_WARN_UNUSED_VARIABLE = YES;
				IPHONEOS_DEPLOYMENT_TARGET = 13.2;
				MTL_ENABLE_DEBUG_INFO = NO;
				MTL_FAST_MATH = YES;
				SDKROOT = iphoneos;
				SWIFT_COMPILATION_MODE = wholemodule;
				SWIFT_OPTIMIZATION_LEVEL = "-O";
				VALIDATE_PRODUCT = YES;
			};
			name = Release;
		};
		44DB3FFB238A3551007148A4 /* Debug */ = {
			isa = XCBuildConfiguration;
			buildSettings = {
				ASSETCATALOG_COMPILER_APPICON_NAME = AppIcon;
				CODE_SIGN_STYLE = Automatic;
				DEVELOPMENT_ASSET_PATHS = "\"Instafilter/Preview Content\"";
				DEVELOPMENT_TEAM = X3FGZM4HB9;
				ENABLE_PREVIEWS = YES;
				INFOPLIST_FILE = Instafilter/Info.plist;
				LD_RUNPATH_SEARCH_PATHS = (
					"$(inherited)",
					"@executable_path/Frameworks",
				);
				PRODUCT_BUNDLE_IDENTIFIER = com.vad.Instafilter;
				PRODUCT_NAME = "$(TARGET_NAME)";
				SWIFT_VERSION = 5.0;
				TARGETED_DEVICE_FAMILY = "1,2";
			};
			name = Debug;
		};
		44DB3FFC238A3551007148A4 /* Release */ = {
			isa = XCBuildConfiguration;
			buildSettings = {
				ASSETCATALOG_COMPILER_APPICON_NAME = AppIcon;
				CODE_SIGN_STYLE = Automatic;
				DEVELOPMENT_ASSET_PATHS = "\"Instafilter/Preview Content\"";
				DEVELOPMENT_TEAM = X3FGZM4HB9;
				ENABLE_PREVIEWS = YES;
				INFOPLIST_FILE = Instafilter/Info.plist;
				LD_RUNPATH_SEARCH_PATHS = (
					"$(inherited)",
					"@executable_path/Frameworks",
				);
				PRODUCT_BUNDLE_IDENTIFIER = com.vad.Instafilter;
				PRODUCT_NAME = "$(TARGET_NAME)";
				SWIFT_VERSION = 5.0;
				TARGETED_DEVICE_FAMILY = "1,2";
			};
			name = Release;
		};
/* End XCBuildConfiguration section */

/* Begin XCConfigurationList section */
		44DB3FE1238A354E007148A4 /* Build configuration list for PBXProject "Instafilter" */ = {
			isa = XCConfigurationList;
			buildConfigurations = (
				44DB3FF8238A3551007148A4 /* Debug */,
				44DB3FF9238A3551007148A4 /* Release */,
			);
			defaultConfigurationIsVisible = 0;
			defaultConfigurationName = Release;
		};
		44DB3FFA238A3551007148A4 /* Build configuration list for PBXNativeTarget "Instafilter" */ = {
			isa = XCConfigurationList;
			buildConfigurations = (
				44DB3FFB238A3551007148A4 /* Debug */,
				44DB3FFC238A3551007148A4 /* Release */,
			);
			defaultConfigurationIsVisible = 0;
			defaultConfigurationName = Release;
		};
/* End XCConfigurationList section */
	};
	rootObject = 44DB3FDE238A354E007148A4 /* Project object */;
}
