// !$*UTF8*$!
{
	archiveVersion = 1;
	classes = {
	};
	objectVersion = 50;
	objects = {

/* Begin PBXBuildFile section */
		4424E4C023B9D35C00DCB2A1 /* Facility.swift in Sources */ = {isa = PBXBuildFile; fileRef = 4424E4BF23B9D35C00DCB2A1 /* Facility.swift */; };
		4424E4C223B9E90700DCB2A1 /* Favorites.swift in Sources */ = {isa = PBXBuildFile; fileRef = 4424E4C123B9E90700DCB2A1 /* Favorites.swift */; };
		445DAB6123B8A25100978818 /* AppDelegate.swift in Sources */ = {isa = PBXBuildFile; fileRef = 445DAB6023B8A25100978818 /* AppDelegate.swift */; };
		445DAB6323B8A25100978818 /* SceneDelegate.swift in Sources */ = {isa = PBXBuildFile; fileRef = 445DAB6223B8A25100978818 /* SceneDelegate.swift */; };
		445DAB6523B8A25100978818 /* ContentView.swift in Sources */ = {isa = PBXBuildFile; fileRef = 445DAB6423B8A25100978818 /* ContentView.swift */; };
		445DAB6723B8A25200978818 /* Assets.xcassets in Resources */ = {isa = PBXBuildFile; fileRef = 445DAB6623B8A25200978818 /* Assets.xcassets */; };
		445DAB6A23B8A25200978818 /* Preview Assets.xcassets in Resources */ = {isa = PBXBuildFile; fileRef = 445DAB6923B8A25200978818 /* Preview Assets.xcassets */; };
		445DAB6D23B8A25200978818 /* LaunchScreen.storyboard in Resources */ = {isa = PBXBuildFile; fileRef = 445DAB6B23B8A25200978818 /* LaunchScreen.storyboard */; };
		445DAB7623B8A76500978818 /* User.swift in Sources */ = {isa = PBXBuildFile; fileRef = 445DAB7523B8A76500978818 /* User.swift */; };
		445DAB7923B8A83800978818 /* UserView.swift in Sources */ = {isa = PBXBuildFile; fileRef = 445DAB7823B8A83800978818 /* UserView.swift */; };
		445DAB7B23B8AECA00978818 /* resorts.json in Resources */ = {isa = PBXBuildFile; fileRef = 445DAB7A23B8AECA00978818 /* resorts.json */; };
		445DAB7D23B8AEF600978818 /* Resort.swift in Sources */ = {isa = PBXBuildFile; fileRef = 445DAB7C23B8AEF600978818 /* Resort.swift */; };
		445DAB8123B8B1ED00978818 /* WelcomeView.swift in Sources */ = {isa = PBXBuildFile; fileRef = 445DAB8023B8B1ED00978818 /* WelcomeView.swift */; };
		44C281F423BB4D3C00C8CC0D /* FilterView.swift in Sources */ = {isa = PBXBuildFile; fileRef = 44C281F323BB4D3C00C8CC0D /* FilterView.swift */; };
		44FAC0AD23B8B3CC00102FE1 /* ResortDetailsView.swift in Sources */ = {isa = PBXBuildFile; fileRef = 44FAC0AC23B8B3CC00102FE1 /* ResortDetailsView.swift */; };
		44FAC0AF23B8B54200102FE1 /* SkiDetailsView.swift in Sources */ = {isa = PBXBuildFile; fileRef = 44FAC0AE23B8B54200102FE1 /* SkiDetailsView.swift */; };
		44FAC0B123B8B60300102FE1 /* ResortView.swift in Sources */ = {isa = PBXBuildFile; fileRef = 44FAC0B023B8B60300102FE1 /* ResortView.swift */; };
/* End PBXBuildFile section */

/* Begin PBXFileReference section */
		4424E4BF23B9D35C00DCB2A1 /* Facility.swift */ = {isa = PBXFileReference; lastKnownFileType = sourcecode.swift; path = Facility.swift; sourceTree = "<group>"; };
		4424E4C123B9E90700DCB2A1 /* Favorites.swift */ = {isa = PBXFileReference; lastKnownFileType = sourcecode.swift; path = Favorites.swift; sourceTree = "<group>"; };
		445DAB5D23B8A25100978818 /* SnowSeeker.app */ = {isa = PBXFileReference; explicitFileType = wrapper.application; includeInIndex = 0; path = SnowSeeker.app; sourceTree = BUILT_PRODUCTS_DIR; };
		445DAB6023B8A25100978818 /* AppDelegate.swift */ = {isa = PBXFileReference; lastKnownFileType = sourcecode.swift; path = AppDelegate.swift; sourceTree = "<group>"; };
		445DAB6223B8A25100978818 /* SceneDelegate.swift */ = {isa = PBXFileReference; lastKnownFileType = sourcecode.swift; path = SceneDelegate.swift; sourceTree = "<group>"; };
		445DAB6423B8A25100978818 /* ContentView.swift */ = {isa = PBXFileReference; lastKnownFileType = sourcecode.swift; path = ContentView.swift; sourceTree = "<group>"; };
		445DAB6623B8A25200978818 /* Assets.xcassets */ = {isa = PBXFileReference; lastKnownFileType = folder.assetcatalog; path = Assets.xcassets; sourceTree = "<group>"; };
		445DAB6923B8A25200978818 /* Preview Assets.xcassets */ = {isa = PBXFileReference; lastKnownFileType = folder.assetcatalog; path = "Preview Assets.xcassets"; sourceTree = "<group>"; };
		445DAB6C23B8A25200978818 /* Base */ = {isa = PBXFileReference; lastKnownFileType = file.storyboard; name = Base; path = Base.lproj/LaunchScreen.storyboard; sourceTree = "<group>"; };
		445DAB6E23B8A25200978818 /* Info.plist */ = {isa = PBXFileReference; lastKnownFileType = text.plist.xml; path = Info.plist; sourceTree = "<group>"; };
		445DAB7523B8A76500978818 /* User.swift */ = {isa = PBXFileReference; lastKnownFileType = sourcecode.swift; path = User.swift; sourceTree = "<group>"; };
		445DAB7823B8A83800978818 /* UserView.swift */ = {isa = PBXFileReference; lastKnownFileType = sourcecode.swift; path = UserView.swift; sourceTree = "<group>"; };
		445DAB7A23B8AECA00978818 /* resorts.json */ = {isa = PBXFileReference; fileEncoding = 4; lastKnownFileType = text.json; path = resorts.json; sourceTree = "<group>"; };
		445DAB7C23B8AEF600978818 /* Resort.swift */ = {isa = PBXFileReference; lastKnownFileType = sourcecode.swift; path = Resort.swift; sourceTree = "<group>"; };
		445DAB8023B8B1ED00978818 /* WelcomeView.swift */ = {isa = PBXFileReference; lastKnownFileType = sourcecode.swift; path = WelcomeView.swift; sourceTree = "<group>"; };
		44C281F323BB4D3C00C8CC0D /* FilterView.swift */ = {isa = PBXFileReference; lastKnownFileType = sourcecode.swift; path = FilterView.swift; sourceTree = "<group>"; };
		44FAC0AC23B8B3CC00102FE1 /* ResortDetailsView.swift */ = {isa = PBXFileReference; lastKnownFileType = sourcecode.swift; path = ResortDetailsView.swift; sourceTree = "<group>"; };
		44FAC0AE23B8B54200102FE1 /* SkiDetailsView.swift */ = {isa = PBXFileReference; lastKnownFileType = sourcecode.swift; path = SkiDetailsView.swift; sourceTree = "<group>"; };
		44FAC0B023B8B60300102FE1 /* ResortView.swift */ = {isa = PBXFileReference; lastKnownFileType = sourcecode.swift; path = ResortView.swift; sourceTree = "<group>"; };
/* End PBXFileReference section */

/* Begin PBXFrameworksBuildPhase section */
		445DAB5A23B8A25100978818 /* Frameworks */ = {
			isa = PBXFrameworksBuildPhase;
			buildActionMask = 2147483647;
			files = (
			);
			runOnlyForDeploymentPostprocessing = 0;
		};
/* End PBXFrameworksBuildPhase section */

/* Begin PBXGroup section */
		445DAB5423B8A25100978818 = {
			isa = PBXGroup;
			children = (
				445DAB5F23B8A25100978818 /* SnowSeeker */,
				445DAB5E23B8A25100978818 /* Products */,
			);
			sourceTree = "<group>";
		};
		445DAB5E23B8A25100978818 /* Products */ = {
			isa = PBXGroup;
			children = (
				445DAB5D23B8A25100978818 /* SnowSeeker.app */,
			);
			name = Products;
			sourceTree = "<group>";
		};
		445DAB5F23B8A25100978818 /* SnowSeeker */ = {
			isa = PBXGroup;
			children = (
				445DAB7723B8A82800978818 /* views */,
				445DAB7423B8A74E00978818 /* models */,
				445DAB6023B8A25100978818 /* AppDelegate.swift */,
				445DAB6223B8A25100978818 /* SceneDelegate.swift */,
				445DAB6423B8A25100978818 /* ContentView.swift */,
				445DAB6623B8A25200978818 /* Assets.xcassets */,
				445DAB6B23B8A25200978818 /* LaunchScreen.storyboard */,
				445DAB6E23B8A25200978818 /* Info.plist */,
				445DAB7A23B8AECA00978818 /* resorts.json */,
				445DAB6823B8A25200978818 /* Preview Content */,
				4424E4C123B9E90700DCB2A1 /* Favorites.swift */,
			);
			path = SnowSeeker;
			sourceTree = "<group>";
		};
		445DAB6823B8A25200978818 /* Preview Content */ = {
			isa = PBXGroup;
			children = (
				445DAB6923B8A25200978818 /* Preview Assets.xcassets */,
			);
			path = "Preview Content";
			sourceTree = "<group>";
		};
		445DAB7423B8A74E00978818 /* models */ = {
			isa = PBXGroup;
			children = (
				445DAB7C23B8AEF600978818 /* Resort.swift */,
				445DAB7523B8A76500978818 /* User.swift */,
				4424E4BF23B9D35C00DCB2A1 /* Facility.swift */,
			);
			path = models;
			sourceTree = "<group>";
		};
		445DAB7723B8A82800978818 /* views */ = {
			isa = PBXGroup;
			children = (
				445DAB7823B8A83800978818 /* UserView.swift */,
				445DAB8023B8B1ED00978818 /* WelcomeView.swift */,
				44FAC0AC23B8B3CC00102FE1 /* ResortDetailsView.swift */,
				44FAC0AE23B8B54200102FE1 /* SkiDetailsView.swift */,
				44FAC0B023B8B60300102FE1 /* ResortView.swift */,
				44C281F323BB4D3C00C8CC0D /* FilterView.swift */,
			);
			path = views;
			sourceTree = "<group>";
		};
/* End PBXGroup section */

/* Begin PBXNativeTarget section */
		445DAB5C23B8A25100978818 /* SnowSeeker */ = {
			isa = PBXNativeTarget;
			buildConfigurationList = 445DAB7123B8A25200978818 /* Build configuration list for PBXNativeTarget "SnowSeeker" */;
			buildPhases = (
				445DAB5923B8A25100978818 /* Sources */,
				445DAB5A23B8A25100978818 /* Frameworks */,
				445DAB5B23B8A25100978818 /* Resources */,
			);
			buildRules = (
			);
			dependencies = (
			);
			name = SnowSeeker;
			productName = SnowSeeker;
			productReference = 445DAB5D23B8A25100978818 /* SnowSeeker.app */;
			productType = "com.apple.product-type.application";
		};
/* End PBXNativeTarget section */

/* Begin PBXProject section */
		445DAB5523B8A25100978818 /* Project object */ = {
			isa = PBXProject;
			attributes = {
				LastSwiftUpdateCheck = 1130;
				LastUpgradeCheck = 1130;
				ORGANIZATIONNAME = "Liem Vo";
				TargetAttributes = {
					445DAB5C23B8A25100978818 = {
						CreatedOnToolsVersion = 11.3;
					};
				};
			};
			buildConfigurationList = 445DAB5823B8A25100978818 /* Build configuration list for PBXProject "SnowSeeker" */;
			compatibilityVersion = "Xcode 9.3";
			developmentRegion = en;
			hasScannedForEncodings = 0;
			knownRegions = (
				en,
				Base,
			);
			mainGroup = 445DAB5423B8A25100978818;
			productRefGroup = 445DAB5E23B8A25100978818 /* Products */;
			projectDirPath = "";
			projectRoot = "";
			targets = (
				445DAB5C23B8A25100978818 /* SnowSeeker */,
			);
		};
/* End PBXProject section */

/* Begin PBXResourcesBuildPhase section */
		445DAB5B23B8A25100978818 /* Resources */ = {
			isa = PBXResourcesBuildPhase;
			buildActionMask = 2147483647;
			files = (
				445DAB6D23B8A25200978818 /* LaunchScreen.storyboard in Resources */,
				445DAB6A23B8A25200978818 /* Preview Assets.xcassets in Resources */,
				445DAB7B23B8AECA00978818 /* resorts.json in Resources */,
				445DAB6723B8A25200978818 /* Assets.xcassets in Resources */,
			);
			runOnlyForDeploymentPostprocessing = 0;
		};
/* End PBXResourcesBuildPhase section */

/* Begin PBXSourcesBuildPhase section */
		445DAB5923B8A25100978818 /* Sources */ = {
			isa = PBXSourcesBuildPhase;
			buildActionMask = 2147483647;
			files = (
				44C281F423BB4D3C00C8CC0D /* FilterView.swift in Sources */,
				445DAB7623B8A76500978818 /* User.swift in Sources */,
				445DAB6123B8A25100978818 /* AppDelegate.swift in Sources */,
				4424E4C023B9D35C00DCB2A1 /* Facility.swift in Sources */,
				445DAB7923B8A83800978818 /* UserView.swift in Sources */,
				445DAB6323B8A25100978818 /* SceneDelegate.swift in Sources */,
				44FAC0AF23B8B54200102FE1 /* SkiDetailsView.swift in Sources */,
				445DAB7D23B8AEF600978818 /* Resort.swift in Sources */,
				44FAC0AD23B8B3CC00102FE1 /* ResortDetailsView.swift in Sources */,
				44FAC0B123B8B60300102FE1 /* ResortView.swift in Sources */,
				4424E4C223B9E90700DCB2A1 /* Favorites.swift in Sources */,
				445DAB6523B8A25100978818 /* ContentView.swift in Sources */,
				445DAB8123B8B1ED00978818 /* WelcomeView.swift in Sources */,
			);
			runOnlyForDeploymentPostprocessing = 0;
		};
/* End PBXSourcesBuildPhase section */

/* Begin PBXVariantGroup section */
		445DAB6B23B8A25200978818 /* LaunchScreen.storyboard */ = {
			isa = PBXVariantGroup;
			children = (
				445DAB6C23B8A25200978818 /* Base */,
			);
			name = LaunchScreen.storyboard;
			sourceTree = "<group>";
		};
/* End PBXVariantGroup section */

/* Begin XCBuildConfiguration section */
		445DAB6F23B8A25200978818 /* Debug */ = {
			isa = XCBuildConfiguration;
			buildSettings = {
				ALWAYS_SEARCH_USER_PATHS = NO;
				CLANG_ANALYZER_NONNULL = YES;
				CLANG_ANALYZER_NUMBER_OBJECT_CONVERSION = YES_AGGRESSIVE;
				CLANG_CXX_LANGUAGE_STANDARD = "gnu++14";
				CLANG_CXX_LIBRARY = "libc++";
				CLANG_ENABLE_MODULES = YES;
				CLANG_ENABLE_OBJC_ARC = YES;
				CLANG_ENABLE_OBJC_WEAK = YES;
				CLANG_WARN_BLOCK_CAPTURE_AUTORELEASING = YES;
				CLANG_WARN_BOOL_CONVERSION = YES;
				CLANG_WARN_COMMA = YES;
				CLANG_WARN_CONSTANT_CONVERSION = YES;
				CLANG_WARN_DEPRECATED_OBJC_IMPLEMENTATIONS = YES;
				CLANG_WARN_DIRECT_OBJC_ISA_USAGE = YES_ERROR;
				CLANG_WARN_DOCUMENTATION_COMMENTS = YES;
				CLANG_WARN_EMPTY_BODY = YES;
				CLANG_WARN_ENUM_CONVERSION = YES;
				CLANG_WARN_INFINITE_RECURSION = YES;
				CLANG_WARN_INT_CONVERSION = YES;
				CLANG_WARN_NON_LITERAL_NULL_CONVERSION = YES;
				CLANG_WARN_OBJC_IMPLICIT_RETAIN_SELF = YES;
				CLANG_WARN_OBJC_LITERAL_CONVERSION = YES;
				CLANG_WARN_OBJC_ROOT_CLASS = YES_ERROR;
				CLANG_WARN_RANGE_LOOP_ANALYSIS = YES;
				CLANG_WARN_STRICT_PROTOTYPES = YES;
				CLANG_WARN_SUSPICIOUS_MOVE = YES;
				CLANG_WARN_UNGUARDED_AVAILABILITY = YES_AGGRESSIVE;
				CLANG_WARN_UNREACHABLE_CODE = YES;
				CLANG_WARN__DUPLICATE_METHOD_MATCH = YES;
				COPY_PHASE_STRIP = NO;
				DEBUG_INFORMATION_FORMAT = dwarf;
				ENABLE_STRICT_OBJC_MSGSEND = YES;
				ENABLE_TESTABILITY = YES;
				GCC_C_LANGUAGE_STANDARD = gnu11;
				GCC_DYNAMIC_NO_PIC = NO;
				GCC_NO_COMMON_BLOCKS = YES;
				GCC_OPTIMIZATION_LEVEL = 0;
				GCC_PREPROCESSOR_DEFINITIONS = (
					"DEBUG=1",
					"$(inherited)",
				);
				GCC_WARN_64_TO_32_BIT_CONVERSION = YES;
				GCC_WARN_ABOUT_RETURN_TYPE = YES_ERROR;
				GCC_WARN_UNDECLARED_SELECTOR = YES;
				GCC_WARN_UNINITIALIZED_AUTOS = YES_AGGRESSIVE;
				GCC_WARN_UNUSED_FUNCTION = YES;
				GCC_WARN_UNUSED_VARIABLE = YES;
				IPHONEOS_DEPLOYMENT_TARGET = 13.2;
				MTL_ENABLE_DEBUG_INFO = INCLUDE_SOURCE;
				MTL_FAST_MATH = YES;
				ONLY_ACTIVE_ARCH = YES;
				SDKROOT = iphoneos;
				SWIFT_ACTIVE_COMPILATION_CONDITIONS = DEBUG;
				SWIFT_OPTIMIZATION_LEVEL = "-Onone";
			};
			name = Debug;
		};
		445DAB7023B8A25200978818 /* Release */ = {
			isa = XCBuildConfiguration;
			buildSettings = {
				ALWAYS_SEARCH_USER_PATHS = NO;
				CLANG_ANALYZER_NONNULL = YES;
				CLANG_ANALYZER_NUMBER_OBJECT_CONVERSION = YES_AGGRESSIVE;
				CLANG_CXX_LANGUAGE_STANDARD = "gnu++14";
				CLANG_CXX_LIBRARY = "libc++";
				CLANG_ENABLE_MODULES = YES;
				CLANG_ENABLE_OBJC_ARC = YES;
				CLANG_ENABLE_OBJC_WEAK = YES;
				CLANG_WARN_BLOCK_CAPTURE_AUTORELEASING = YES;
				CLANG_WARN_BOOL_CONVERSION = YES;
				CLANG_WARN_COMMA = YES;
				CLANG_WARN_CONSTANT_CONVERSION = YES;
				CLANG_WARN_DEPRECATED_OBJC_IMPLEMENTATIONS = YES;
				CLANG_WARN_DIRECT_OBJC_ISA_USAGE = YES_ERROR;
				CLANG_WARN_DOCUMENTATION_COMMENTS = YES;
				CLANG_WARN_EMPTY_BODY = YES;
				CLANG_WARN_ENUM_CONVERSION = YES;
				CLANG_WARN_INFINITE_RECURSION = YES;
				CLANG_WARN_INT_CONVERSION = YES;
				CLANG_WARN_NON_LITERAL_NULL_CONVERSION = YES;
				CLANG_WARN_OBJC_IMPLICIT_RETAIN_SELF = YES;
				CLANG_WARN_OBJC_LITERAL_CONVERSION = YES;
				CLANG_WARN_OBJC_ROOT_CLASS = YES_ERROR;
				CLANG_WARN_RANGE_LOOP_ANALYSIS = YES;
				CLANG_WARN_STRICT_PROTOTYPES = YES;
				CLANG_WARN_SUSPICIOUS_MOVE = YES;
				CLANG_WARN_UNGUARDED_AVAILABILITY = YES_AGGRESSIVE;
				CLANG_WARN_UNREACHABLE_CODE = YES;
				CLANG_WARN__DUPLICATE_METHOD_MATCH = YES;
				COPY_PHASE_STRIP = NO;
				DEBUG_INFORMATION_FORMAT = "dwarf-with-dsym";
				ENABLE_NS_ASSERTIONS = NO;
				ENABLE_STRICT_OBJC_MSGSEND = YES;
				GCC_C_LANGUAGE_STANDARD = gnu11;
				GCC_NO_COMMON_BLOCKS = YES;
				GCC_WARN_64_TO_32_BIT_CONVERSION = YES;
				GCC_WARN_ABOUT_RETURN_TYPE = YES_ERROR;
				GCC_WARN_UNDECLARED_SELECTOR = YES;
				GCC_WARN_UNINITIALIZED_AUTOS = YES_AGGRESSIVE;
				GCC_WARN_UNUSED_FUNCTION = YES;
				GCC_WARN_UNUSED_VARIABLE = YES;
				IPHONEOS_DEPLOYMENT_TARGET = 13.2;
				MTL_ENABLE_DEBUG_INFO = NO;
				MTL_FAST_MATH = YES;
				SDKROOT = iphoneos;
				SWIFT_COMPILATION_MODE = wholemodule;
				SWIFT_OPTIMIZATION_LEVEL = "-O";
				VALIDATE_PRODUCT = YES;
			};
			name = Release;
		};
		445DAB7223B8A25200978818 /* Debug */ = {
			isa = XCBuildConfiguration;
			buildSettings = {
				ASSETCATALOG_COMPILER_APPICON_NAME = AppIcon;
				CODE_SIGN_STYLE = Automatic;
				DEVELOPMENT_ASSET_PATHS = "\"SnowSeeker/Preview Content\"";
				DEVELOPMENT_TEAM = X3FGZM4HB9;
				ENABLE_PREVIEWS = YES;
				INFOPLIST_FILE = SnowSeeker/Info.plist;
				LD_RUNPATH_SEARCH_PATHS = (
					"$(inherited)",
					"@executable_path/Frameworks",
				);
				PRODUCT_BUNDLE_IDENTIFIER = com.vad.SnowSeeker;
				PRODUCT_NAME = "$(TARGET_NAME)";
				SWIFT_VERSION = 5.0;
				TARGETED_DEVICE_FAMILY = "1,2";
			};
			name = Debug;
		};
		445DAB7323B8A25200978818 /* Release */ = {
			isa = XCBuildConfiguration;
			buildSettings = {
				ASSETCATALOG_COMPILER_APPICON_NAME = AppIcon;
				CODE_SIGN_STYLE = Automatic;
				DEVELOPMENT_ASSET_PATHS = "\"SnowSeeker/Preview Content\"";
				DEVELOPMENT_TEAM = X3FGZM4HB9;
				ENABLE_PREVIEWS = YES;
				INFOPLIST_FILE = SnowSeeker/Info.plist;
				LD_RUNPATH_SEARCH_PATHS = (
					"$(inherited)",
					"@executable_path/Frameworks",
				);
				PRODUCT_BUNDLE_IDENTIFIER = com.vad.SnowSeeker;
				PRODUCT_NAME = "$(TARGET_NAME)";
				SWIFT_VERSION = 5.0;
				TARGETED_DEVICE_FAMILY = "1,2";
			};
			name = Release;
		};
/* End XCBuildConfiguration section */

/* Begin XCConfigurationList section */
		445DAB5823B8A25100978818 /* Build configuration list for PBXProject "SnowSeeker" */ = {
			isa = XCConfigurationList;
			buildConfigurations = (
				445DAB6F23B8A25200978818 /* Debug */,
				445DAB7023B8A25200978818 /* Release */,
			);
			defaultConfigurationIsVisible = 0;
			defaultConfigurationName = Release;
		};
		445DAB7123B8A25200978818 /* Build configuration list for PBXNativeTarget "SnowSeeker" */ = {
			isa = XCConfigurationList;
			buildConfigurations = (
				445DAB7223B8A25200978818 /* Debug */,
				445DAB7323B8A25200978818 /* Release */,
			);
			defaultConfigurationIsVisible = 0;
			defaultConfigurationName = Release;
		};
/* End XCConfigurationList section */
	};
	rootObject = 445DAB5523B8A25100978818 /* Project object */;
}
