// !$*UTF8*$!
{
	archiveVersion = 1;
	classes = {
	};
	objectVersion = 50;
	objects = {

/* Begin PBXBuildFile section */
		443FF3E42388AF8700D03D82 /* Challenge61.xcdatamodeld in Sources */ = {isa = PBXBuildFile; fileRef = 443FF3E22388AF8700D03D82 /* Challenge61.xcdatamodeld */; };
		443FF3EC2388BA8C00D03D82 /* Friend+CoreDataClass.swift in Sources */ = {isa = PBXBuildFile; fileRef = 443FF3E82388BA8C00D03D82 /* Friend+CoreDataClass.swift */; };
		443FF3ED2388BA8C00D03D82 /* Friend+CoreDataProperties.swift in Sources */ = {isa = PBXBuildFile; fileRef = 443FF3E92388BA8C00D03D82 /* Friend+CoreDataProperties.swift */; };
		443FF3EE2388BA8C00D03D82 /* User+CoreDataClass.swift in Sources */ = {isa = PBXBuildFile; fileRef = 443FF3EA2388BA8C00D03D82 /* User+CoreDataClass.swift */; };
		443FF3EF2388BA8C00D03D82 /* User+CoreDataProperties.swift in Sources */ = {isa = PBXBuildFile; fileRef = 443FF3EB2388BA8C00D03D82 /* User+CoreDataProperties.swift */; };
		443FF3F12388C4B100D03D82 /* SwiftyJSON.swift in Sources */ = {isa = PBXBuildFile; fileRef = 443FF3F02388C4B100D03D82 /* SwiftyJSON.swift */; };
		44EFF2AE2389A5BF00A738D0 /* Tags.swift in Sources */ = {isa = PBXBuildFile; fileRef = 44EFF2AD2389A5BF00A738D0 /* Tags.swift */; };
		A82062DA2387DFA800E76F97 /* AppDelegate.swift in Sources */ = {isa = PBXBuildFile; fileRef = A82062D92387DFA800E76F97 /* AppDelegate.swift */; };
		A82062DC2387DFA800E76F97 /* SceneDelegate.swift in Sources */ = {isa = PBXBuildFile; fileRef = A82062DB2387DFA800E76F97 /* SceneDelegate.swift */; };
		A82062DE2387DFA800E76F97 /* ContentView.swift in Sources */ = {isa = PBXBuildFile; fileRef = A82062DD2387DFA800E76F97 /* ContentView.swift */; };
		A82062E02387DFA900E76F97 /* Assets.xcassets in Resources */ = {isa = PBXBuildFile; fileRef = A82062DF2387DFA900E76F97 /* Assets.xcassets */; };
		A82062E32387DFA900E76F97 /* Preview Assets.xcassets in Resources */ = {isa = PBXBuildFile; fileRef = A82062E22387DFA900E76F97 /* Preview Assets.xcassets */; };
		A82062E62387DFA900E76F97 /* LaunchScreen.storyboard in Resources */ = {isa = PBXBuildFile; fileRef = A82062E42387DFA900E76F97 /* LaunchScreen.storyboard */; };
		A82062F32387E1B800E76F97 /* DataManager.swift in Sources */ = {isa = PBXBuildFile; fileRef = A82062F22387E1B800E76F97 /* DataManager.swift */; };
		A82062F52387EB0B00E76F97 /* UserView.swift in Sources */ = {isa = PBXBuildFile; fileRef = A82062F42387EB0B00E76F97 /* UserView.swift */; };
		A82062F72387EE7F00E76F97 /* AgeView.swift in Sources */ = {isa = PBXBuildFile; fileRef = A82062F62387EE7F00E76F97 /* AgeView.swift */; };
/* End PBXBuildFile section */

/* Begin PBXFileReference section */
		443FF3E32388AF8700D03D82 /* Challenge61.xcdatamodel */ = {isa = PBXFileReference; lastKnownFileType = wrapper.xcdatamodel; path = Challenge61.xcdatamodel; sourceTree = "<group>"; };
		443FF3E82388BA8C00D03D82 /* Friend+CoreDataClass.swift */ = {isa = PBXFileReference; lastKnownFileType = sourcecode.swift; path = "Friend+CoreDataClass.swift"; sourceTree = SOURCE_ROOT; };
		443FF3E92388BA8C00D03D82 /* Friend+CoreDataProperties.swift */ = {isa = PBXFileReference; lastKnownFileType = sourcecode.swift; path = "Friend+CoreDataProperties.swift"; sourceTree = SOURCE_ROOT; };
		443FF3EA2388BA8C00D03D82 /* User+CoreDataClass.swift */ = {isa = PBXFileReference; lastKnownFileType = sourcecode.swift; path = "User+CoreDataClass.swift"; sourceTree = SOURCE_ROOT; };
		443FF3EB2388BA8C00D03D82 /* User+CoreDataProperties.swift */ = {isa = PBXFileReference; lastKnownFileType = sourcecode.swift; path = "User+CoreDataProperties.swift"; sourceTree = SOURCE_ROOT; };
		443FF3F02388C4B100D03D82 /* SwiftyJSON.swift */ = {isa = PBXFileReference; fileEncoding = 4; lastKnownFileType = sourcecode.swift; path = SwiftyJSON.swift; sourceTree = "<group>"; };
		44EFF2AD2389A5BF00A738D0 /* Tags.swift */ = {isa = PBXFileReference; lastKnownFileType = sourcecode.swift; path = Tags.swift; sourceTree = "<group>"; };
		A82062D62387DFA800E76F97 /* ChallengeDay60.app */ = {isa = PBXFileReference; explicitFileType = wrapper.application; includeInIndex = 0; path = ChallengeDay60.app; sourceTree = BUILT_PRODUCTS_DIR; };
		A82062D92387DFA800E76F97 /* AppDelegate.swift */ = {isa = PBXFileReference; lastKnownFileType = sourcecode.swift; path = AppDelegate.swift; sourceTree = "<group>"; };
		A82062DB2387DFA800E76F97 /* SceneDelegate.swift */ = {isa = PBXFileReference; lastKnownFileType = sourcecode.swift; path = SceneDelegate.swift; sourceTree = "<group>"; };
		A82062DD2387DFA800E76F97 /* ContentView.swift */ = {isa = PBXFileReference; lastKnownFileType = sourcecode.swift; path = ContentView.swift; sourceTree = "<group>"; };
		A82062DF2387DFA900E76F97 /* Assets.xcassets */ = {isa = PBXFileReference; lastKnownFileType = folder.assetcatalog; path = Assets.xcassets; sourceTree = "<group>"; };
		A82062E22387DFA900E76F97 /* Preview Assets.xcassets */ = {isa = PBXFileReference; lastKnownFileType = folder.assetcatalog; path = "Preview Assets.xcassets"; sourceTree = "<group>"; };
		A82062E52387DFA900E76F97 /* Base */ = {isa = PBXFileReference; lastKnownFileType = file.storyboard; name = Base; path = Base.lproj/LaunchScreen.storyboard; sourceTree = "<group>"; };
		A82062E72387DFA900E76F97 /* Info.plist */ = {isa = PBXFileReference; lastKnownFileType = text.plist.xml; path = Info.plist; sourceTree = "<group>"; };
		A82062F22387E1B800E76F97 /* DataManager.swift */ = {isa = PBXFileReference; lastKnownFileType = sourcecode.swift; path = DataManager.swift; sourceTree = "<group>"; };
		A82062F42387EB0B00E76F97 /* UserView.swift */ = {isa = PBXFileReference; lastKnownFileType = sourcecode.swift; path = UserView.swift; sourceTree = "<group>"; };
		A82062F62387EE7F00E76F97 /* AgeView.swift */ = {isa = PBXFileReference; lastKnownFileType = sourcecode.swift; path = AgeView.swift; sourceTree = "<group>"; };
/* End PBXFileReference section */

/* Begin PBXFrameworksBuildPhase section */
		A82062D32387DFA800E76F97 /* Frameworks */ = {
			isa = PBXFrameworksBuildPhase;
			buildActionMask = 2147483647;
			files = (
			);
			runOnlyForDeploymentPostprocessing = 0;
		};
/* End PBXFrameworksBuildPhase section */

/* Begin PBXGroup section */
		A82062CD2387DFA800E76F97 = {
			isa = PBXGroup;
			children = (
				A82062D82387DFA800E76F97 /* ChallengeDay60 */,
				A82062D72387DFA800E76F97 /* Products */,
			);
			sourceTree = "<group>";
		};
		A82062D72387DFA800E76F97 /* Products */ = {
			isa = PBXGroup;
			children = (
				A82062D62387DFA800E76F97 /* ChallengeDay60.app */,
			);
			name = Products;
			sourceTree = "<group>";
		};
		A82062D82387DFA800E76F97 /* ChallengeDay60 */ = {
			isa = PBXGroup;
			children = (
				443FF3F02388C4B100D03D82 /* SwiftyJSON.swift */,
				A82062ED2387E05100E76F97 /* models */,
				A82062D92387DFA800E76F97 /* AppDelegate.swift */,
				A82062DB2387DFA800E76F97 /* SceneDelegate.swift */,
				A82062DD2387DFA800E76F97 /* ContentView.swift */,
				A82062DF2387DFA900E76F97 /* Assets.xcassets */,
				A82062E42387DFA900E76F97 /* LaunchScreen.storyboard */,
				A82062E72387DFA900E76F97 /* Info.plist */,
				A82062E12387DFA900E76F97 /* Preview Content */,
				A82062F22387E1B800E76F97 /* DataManager.swift */,
				A82062F42387EB0B00E76F97 /* UserView.swift */,
				A82062F62387EE7F00E76F97 /* AgeView.swift */,
				443FF3E22388AF8700D03D82 /* Challenge61.xcdatamodeld */,
			);
			path = ChallengeDay60;
			sourceTree = "<group>";
		};
		A82062E12387DFA900E76F97 /* Preview Content */ = {
			isa = PBXGroup;
			children = (
				A82062E22387DFA900E76F97 /* Preview Assets.xcassets */,
			);
			path = "Preview Content";
			sourceTree = "<group>";
		};
		A82062ED2387E05100E76F97 /* models */ = {
			isa = PBXGroup;
			children = (
				443FF3E82388BA8C00D03D82 /* Friend+CoreDataClass.swift */,
				443FF3E92388BA8C00D03D82 /* Friend+CoreDataProperties.swift */,
				443FF3EA2388BA8C00D03D82 /* User+CoreDataClass.swift */,
				443FF3EB2388BA8C00D03D82 /* User+CoreDataProperties.swift */,
				44EFF2AD2389A5BF00A738D0 /* Tags.swift */,
			);
			path = models;
			sourceTree = "<group>";
		};
/* End PBXGroup section */

/* Begin PBXNativeTarget section */
		A82062D52387DFA800E76F97 /* ChallengeDay60 */ = {
			isa = PBXNativeTarget;
			buildConfigurationList = A82062EA2387DFA900E76F97 /* Build configuration list for PBXNativeTarget "ChallengeDay60" */;
			buildPhases = (
				A82062D22387DFA800E76F97 /* Sources */,
				A82062D32387DFA800E76F97 /* Frameworks */,
				A82062D42387DFA800E76F97 /* Resources */,
			);
			buildRules = (
			);
			dependencies = (
			);
			name = ChallengeDay60;
			packageProductDependencies = (
			);
			productName = ChallengeDay60;
			productReference = A82062D62387DFA800E76F97 /* ChallengeDay60.app */;
			productType = "com.apple.product-type.application";
		};
/* End PBXNativeTarget section */

/* Begin PBXProject section */
		A82062CE2387DFA800E76F97 /* Project object */ = {
			isa = PBXProject;
			attributes = {
				LastSwiftUpdateCheck = 1120;
				LastUpgradeCheck = 1120;
				ORGANIZATIONNAME = "Liem Vo";
				TargetAttributes = {
					A82062D52387DFA800E76F97 = {
						CreatedOnToolsVersion = 11.2.1;
					};
				};
			};
			buildConfigurationList = A82062D12387DFA800E76F97 /* Build configuration list for PBXProject "ChallengeDay60" */;
			compatibilityVersion = "Xcode 9.3";
			developmentRegion = en;
			hasScannedForEncodings = 0;
			knownRegions = (
				en,
				Base,
			);
			mainGroup = A82062CD2387DFA800E76F97;
			packageReferences = (
			);
			productRefGroup = A82062D72387DFA800E76F97 /* Products */;
			projectDirPath = "";
			projectRoot = "";
			targets = (
				A82062D52387DFA800E76F97 /* ChallengeDay60 */,
			);
		};
/* End PBXProject section */

/* Begin PBXResourcesBuildPhase section */
		A82062D42387DFA800E76F97 /* Resources */ = {
			isa = PBXResourcesBuildPhase;
			buildActionMask = 2147483647;
			files = (
				A82062E62387DFA900E76F97 /* LaunchScreen.storyboard in Resources */,
				A82062E32387DFA900E76F97 /* Preview Assets.xcassets in Resources */,
				A82062E02387DFA900E76F97 /* Assets.xcassets in Resources */,
			);
			runOnlyForDeploymentPostprocessing = 0;
		};
/* End PBXResourcesBuildPhase section */

/* Begin PBXSourcesBuildPhase section */
		A82062D22387DFA800E76F97 /* Sources */ = {
			isa = PBXSourcesBuildPhase;
			buildActionMask = 2147483647;
			files = (
				A82062F72387EE7F00E76F97 /* AgeView.swift in Sources */,
				443FF3EC2388BA8C00D03D82 /* Friend+CoreDataClass.swift in Sources */,
				443FF3ED2388BA8C00D03D82 /* Friend+CoreDataProperties.swift in Sources */,
				443FF3F12388C4B100D03D82 /* SwiftyJSON.swift in Sources */,
				A82062DA2387DFA800E76F97 /* AppDelegate.swift in Sources */,
				44EFF2AE2389A5BF00A738D0 /* Tags.swift in Sources */,
				443FF3EE2388BA8C00D03D82 /* User+CoreDataClass.swift in Sources */,
				A82062F32387E1B800E76F97 /* DataManager.swift in Sources */,
				A82062DC2387DFA800E76F97 /* SceneDelegate.swift in Sources */,
				443FF3EF2388BA8C00D03D82 /* User+CoreDataProperties.swift in Sources */,
				443FF3E42388AF8700D03D82 /* Challenge61.xcdatamodeld in Sources */,
				A82062DE2387DFA800E76F97 /* ContentView.swift in Sources */,
				A82062F52387EB0B00E76F97 /* UserView.swift in Sources */,
			);
			runOnlyForDeploymentPostprocessing = 0;
		};
/* End PBXSourcesBuildPhase section */

/* Begin PBXVariantGroup section */
		A82062E42387DFA900E76F97 /* LaunchScreen.storyboard */ = {
			isa = PBXVariantGroup;
			children = (
				A82062E52387DFA900E76F97 /* Base */,
			);
			name = LaunchScreen.storyboard;
			sourceTree = "<group>";
		};
/* End PBXVariantGroup section */

/* Begin XCBuildConfiguration section */
		A82062E82387DFA900E76F97 /* Debug */ = {
			isa = XCBuildConfiguration;
			buildSettings = {
				ALWAYS_SEARCH_USER_PATHS = NO;
				CLANG_ANALYZER_NONNULL = YES;
				CLANG_ANALYZER_NUMBER_OBJECT_CONVERSION = YES_AGGRESSIVE;
				CLANG_CXX_LANGUAGE_STANDARD = "gnu++14";
				CLANG_CXX_LIBRARY = "libc++";
				CLANG_ENABLE_MODULES = YES;
				CLANG_ENABLE_OBJC_ARC = YES;
				CLANG_ENABLE_OBJC_WEAK = YES;
				CLANG_WARN_BLOCK_CAPTURE_AUTORELEASING = YES;
				CLANG_WARN_BOOL_CONVERSION = YES;
				CLANG_WARN_COMMA = YES;
				CLANG_WARN_CONSTANT_CONVERSION = YES;
				CLANG_WARN_DEPRECATED_OBJC_IMPLEMENTATIONS = YES;
				CLANG_WARN_DIRECT_OBJC_ISA_USAGE = YES_ERROR;
				CLANG_WARN_DOCUMENTATION_COMMENTS = YES;
				CLANG_WARN_EMPTY_BODY = YES;
				CLANG_WARN_ENUM_CONVERSION = YES;
				CLANG_WARN_INFINITE_RECURSION = YES;
				CLANG_WARN_INT_CONVERSION = YES;
				CLANG_WARN_NON_LITERAL_NULL_CONVERSION = YES;
				CLANG_WARN_OBJC_IMPLICIT_RETAIN_SELF = YES;
				CLANG_WARN_OBJC_LITERAL_CONVERSION = YES;
				CLANG_WARN_OBJC_ROOT_CLASS = YES_ERROR;
				CLANG_WARN_RANGE_LOOP_ANALYSIS = YES;
				CLANG_WARN_STRICT_PROTOTYPES = YES;
				CLANG_WARN_SUSPICIOUS_MOVE = YES;
				CLANG_WARN_UNGUARDED_AVAILABILITY = YES_AGGRESSIVE;
				CLANG_WARN_UNREACHABLE_CODE = YES;
				CLANG_WARN__DUPLICATE_METHOD_MATCH = YES;
				COPY_PHASE_STRIP = NO;
				DEBUG_INFORMATION_FORMAT = dwarf;
				ENABLE_STRICT_OBJC_MSGSEND = YES;
				ENABLE_TESTABILITY = YES;
				GCC_C_LANGUAGE_STANDARD = gnu11;
				GCC_DYNAMIC_NO_PIC = NO;
				GCC_NO_COMMON_BLOCKS = YES;
				GCC_OPTIMIZATION_LEVEL = 0;
				GCC_PREPROCESSOR_DEFINITIONS = (
					"DEBUG=1",
					"$(inherited)",
				);
				GCC_WARN_64_TO_32_BIT_CONVERSION = YES;
				GCC_WARN_ABOUT_RETURN_TYPE = YES_ERROR;
				GCC_WARN_UNDECLARED_SELECTOR = YES;
				GCC_WARN_UNINITIALIZED_AUTOS = YES_AGGRESSIVE;
				GCC_WARN_UNUSED_FUNCTION = YES;
				GCC_WARN_UNUSED_VARIABLE = YES;
				IPHONEOS_DEPLOYMENT_TARGET = 13.2;
				MTL_ENABLE_DEBUG_INFO = INCLUDE_SOURCE;
				MTL_FAST_MATH = YES;
				ONLY_ACTIVE_ARCH = YES;
				SDKROOT = iphoneos;
				SWIFT_ACTIVE_COMPILATION_CONDITIONS = DEBUG;
				SWIFT_OPTIMIZATION_LEVEL = "-Onone";
			};
			name = Debug;
		};
		A82062E92387DFA900E76F97 /* Release */ = {
			isa = XCBuildConfiguration;
			buildSettings = {
				ALWAYS_SEARCH_USER_PATHS = NO;
				CLANG_ANALYZER_NONNULL = YES;
				CLANG_ANALYZER_NUMBER_OBJECT_CONVERSION = YES_AGGRESSIVE;
				CLANG_CXX_LANGUAGE_STANDARD = "gnu++14";
				CLANG_CXX_LIBRARY = "libc++";
				CLANG_ENABLE_MODULES = YES;
				CLANG_ENABLE_OBJC_ARC = YES;
				CLANG_ENABLE_OBJC_WEAK = YES;
				CLANG_WARN_BLOCK_CAPTURE_AUTORELEASING = YES;
				CLANG_WARN_BOOL_CONVERSION = YES;
				CLANG_WARN_COMMA = YES;
				CLANG_WARN_CONSTANT_CONVERSION = YES;
				CLANG_WARN_DEPRECATED_OBJC_IMPLEMENTATIONS = YES;
				CLANG_WARN_DIRECT_OBJC_ISA_USAGE = YES_ERROR;
				CLANG_WARN_DOCUMENTATION_COMMENTS = YES;
				CLANG_WARN_EMPTY_BODY = YES;
				CLANG_WARN_ENUM_CONVERSION = YES;
				CLANG_WARN_INFINITE_RECURSION = YES;
				CLANG_WARN_INT_CONVERSION = YES;
				CLANG_WARN_NON_LITERAL_NULL_CONVERSION = YES;
				CLANG_WARN_OBJC_IMPLICIT_RETAIN_SELF = YES;
				CLANG_WARN_OBJC_LITERAL_CONVERSION = YES;
				CLANG_WARN_OBJC_ROOT_CLASS = YES_ERROR;
				CLANG_WARN_RANGE_LOOP_ANALYSIS = YES;
				CLANG_WARN_STRICT_PROTOTYPES = YES;
				CLANG_WARN_SUSPICIOUS_MOVE = YES;
				CLANG_WARN_UNGUARDED_AVAILABILITY = YES_AGGRESSIVE;
				CLANG_WARN_UNREACHABLE_CODE = YES;
				CLANG_WARN__DUPLICATE_METHOD_MATCH = YES;
				COPY_PHASE_STRIP = NO;
				DEBUG_INFORMATION_FORMAT = "dwarf-with-dsym";
				ENABLE_NS_ASSERTIONS = NO;
				ENABLE_STRICT_OBJC_MSGSEND = YES;
				GCC_C_LANGUAGE_STANDARD = gnu11;
				GCC_NO_COMMON_BLOCKS = YES;
				GCC_WARN_64_TO_32_BIT_CONVERSION = YES;
				GCC_WARN_ABOUT_RETURN_TYPE = YES_ERROR;
				GCC_WARN_UNDECLARED_SELECTOR = YES;
				GCC_WARN_UNINITIALIZED_AUTOS = YES_AGGRESSIVE;
				GCC_WARN_UNUSED_FUNCTION = YES;
				GCC_WARN_UNUSED_VARIABLE = YES;
				IPHONEOS_DEPLOYMENT_TARGET = 13.2;
				MTL_ENABLE_DEBUG_INFO = NO;
				MTL_FAST_MATH = YES;
				SDKROOT = iphoneos;
				SWIFT_COMPILATION_MODE = wholemodule;
				SWIFT_OPTIMIZATION_LEVEL = "-O";
				VALIDATE_PRODUCT = YES;
			};
			name = Release;
		};
		A82062EB2387DFA900E76F97 /* Debug */ = {
			isa = XCBuildConfiguration;
			buildSettings = {
				ASSETCATALOG_COMPILER_APPICON_NAME = AppIcon;
				CODE_SIGN_STYLE = Automatic;
				DEVELOPMENT_ASSET_PATHS = "\"ChallengeDay60/Preview Content\"";
				ENABLE_PREVIEWS = YES;
				INFOPLIST_FILE = ChallengeDay60/Info.plist;
				LD_RUNPATH_SEARCH_PATHS = (
					"$(inherited)",
					"@executable_path/Frameworks",
				);
				PRODUCT_BUNDLE_IDENTIFIER = com.vad.ChallengeDay60;
				PRODUCT_NAME = "$(TARGET_NAME)";
				SWIFT_VERSION = 5.0;
				TARGETED_DEVICE_FAMILY = "1,2";
			};
			name = Debug;
		};
		A82062EC2387DFA900E76F97 /* Release */ = {
			isa = XCBuildConfiguration;
			buildSettings = {
				ASSETCATALOG_COMPILER_APPICON_NAME = AppIcon;
				CODE_SIGN_STYLE = Automatic;
				DEVELOPMENT_ASSET_PATHS = "\"ChallengeDay60/Preview Content\"";
				ENABLE_PREVIEWS = YES;
				INFOPLIST_FILE = ChallengeDay60/Info.plist;
				LD_RUNPATH_SEARCH_PATHS = (
					"$(inherited)",
					"@executable_path/Frameworks",
				);
				PRODUCT_BUNDLE_IDENTIFIER = com.vad.ChallengeDay60;
				PRODUCT_NAME = "$(TARGET_NAME)";
				SWIFT_VERSION = 5.0;
				TARGETED_DEVICE_FAMILY = "1,2";
			};
			name = Release;
		};
/* End XCBuildConfiguration section */

/* Begin XCConfigurationList section */
		A82062D12387DFA800E76F97 /* Build configuration list for PBXProject "ChallengeDay60" */ = {
			isa = XCConfigurationList;
			buildConfigurations = (
				A82062E82387DFA900E76F97 /* Debug */,
				A82062E92387DFA900E76F97 /* Release */,
			);
			defaultConfigurationIsVisible = 0;
			defaultConfigurationName = Release;
		};
		A82062EA2387DFA900E76F97 /* Build configuration list for PBXNativeTarget "ChallengeDay60" */ = {
			isa = XCConfigurationList;
			buildConfigurations = (
				A82062EB2387DFA900E76F97 /* Debug */,
				A82062EC2387DFA900E76F97 /* Release */,
			);
			defaultConfigurationIsVisible = 0;
			defaultConfigurationName = Release;
		};
/* End XCConfigurationList section */

/* Begin XCVersionGroup section */
		443FF3E22388AF8700D03D82 /* Challenge61.xcdatamodeld */ = {
			isa = XCVersionGroup;
			children = (
				443FF3E32388AF8700D03D82 /* Challenge61.xcdatamodel */,
			);
			currentVersion = 443FF3E32388AF8700D03D82 /* Challenge61.xcdatamodel */;
			path = Challenge61.xcdatamodeld;
			sourceTree = "<group>";
			versionGroupType = wrapper.xcdatamodel;
		};
/* End XCVersionGroup section */
	};
	rootObject = A82062CE2387DFA800E76F97 /* Project object */;
}
