// !$*UTF8*$!
{
	archiveVersion = 1;
	classes = {
	};
	objectVersion = 50;
	objects = {

/* Begin PBXBuildFile section */
		442B4AF92381CC3100BD6302 /* Order.swift in Sources */ = {isa = PBXBuildFile; fileRef = 442B4AF82381CC3100BD6302 /* Order.swift */; };
		442B4AFD23827E6700BD6302 /* AddressView.swift in Sources */ = {isa = PBXBuildFile; fileRef = 442B4AFC23827E6700BD6302 /* AddressView.swift */; };
		442B4AFF23827E8900BD6302 /* Network.swift in Sources */ = {isa = PBXBuildFile; fileRef = 442B4AFE23827E8900BD6302 /* Network.swift */; };
		442B4B01238282AE00BD6302 /* CheckoutView.swift in Sources */ = {isa = PBXBuildFile; fileRef = 442B4B00238282AE00BD6302 /* CheckoutView.swift */; };
		442B4B03238282F400BD6302 /* Address.swift in Sources */ = {isa = PBXBuildFile; fileRef = 442B4B02238282F400BD6302 /* Address.swift */; };
		44B489D023813BE600C706A2 /* AppDelegate.swift in Sources */ = {isa = PBXBuildFile; fileRef = 44B489CF23813BE600C706A2 /* AppDelegate.swift */; };
		44B489D223813BE600C706A2 /* SceneDelegate.swift in Sources */ = {isa = PBXBuildFile; fileRef = 44B489D123813BE600C706A2 /* SceneDelegate.swift */; };
		44B489D423813BE600C706A2 /* ContentView.swift in Sources */ = {isa = PBXBuildFile; fileRef = 44B489D323813BE600C706A2 /* ContentView.swift */; };
		44B489D623813BE700C706A2 /* Assets.xcassets in Resources */ = {isa = PBXBuildFile; fileRef = 44B489D523813BE700C706A2 /* Assets.xcassets */; };
		44B489D923813BE700C706A2 /* Preview Assets.xcassets in Resources */ = {isa = PBXBuildFile; fileRef = 44B489D823813BE700C706A2 /* Preview Assets.xcassets */; };
		44B489DC23813BE700C706A2 /* LaunchScreen.storyboard in Resources */ = {isa = PBXBuildFile; fileRef = 44B489DA23813BE700C706A2 /* LaunchScreen.storyboard */; };
		44B489E423813D1900C706A2 /* User.swift in Sources */ = {isa = PBXBuildFile; fileRef = 44B489E323813D1900C706A2 /* User.swift */; };
		44B489E72381A94800C706A2 /* Result.swift in Sources */ = {isa = PBXBuildFile; fileRef = 44B489E62381A94800C706A2 /* Result.swift */; };
		44B489E92381A99500C706A2 /* Response.swift in Sources */ = {isa = PBXBuildFile; fileRef = 44B489E82381A99500C706A2 /* Response.swift */; };
/* End PBXBuildFile section */

/* Begin PBXFileReference section */
		442B4AF82381CC3100BD6302 /* Order.swift */ = {isa = PBXFileReference; lastKnownFileType = sourcecode.swift; path = Order.swift; sourceTree = "<group>"; };
		442B4AFC23827E6700BD6302 /* AddressView.swift */ = {isa = PBXFileReference; lastKnownFileType = sourcecode.swift; path = AddressView.swift; sourceTree = "<group>"; };
		442B4AFE23827E8900BD6302 /* Network.swift */ = {isa = PBXFileReference; fileEncoding = 4; lastKnownFileType = sourcecode.swift; path = Network.swift; sourceTree = "<group>"; };
		442B4B00238282AE00BD6302 /* CheckoutView.swift */ = {isa = PBXFileReference; lastKnownFileType = sourcecode.swift; path = CheckoutView.swift; sourceTree = "<group>"; };
		442B4B02238282F400BD6302 /* Address.swift */ = {isa = PBXFileReference; lastKnownFileType = sourcecode.swift; path = Address.swift; sourceTree = "<group>"; };
		44B489CC23813BE600C706A2 /* CupcakeCorner.app */ = {isa = PBXFileReference; explicitFileType = wrapper.application; includeInIndex = 0; path = CupcakeCorner.app; sourceTree = BUILT_PRODUCTS_DIR; };
		44B489CF23813BE600C706A2 /* AppDelegate.swift */ = {isa = PBXFileReference; lastKnownFileType = sourcecode.swift; path = AppDelegate.swift; sourceTree = "<group>"; };
		44B489D123813BE600C706A2 /* SceneDelegate.swift */ = {isa = PBXFileReference; lastKnownFileType = sourcecode.swift; path = SceneDelegate.swift; sourceTree = "<group>"; };
		44B489D323813BE600C706A2 /* ContentView.swift */ = {isa = PBXFileReference; lastKnownFileType = sourcecode.swift; path = ContentView.swift; sourceTree = "<group>"; };
		44B489D523813BE700C706A2 /* Assets.xcassets */ = {isa = PBXFileReference; lastKnownFileType = folder.assetcatalog; path = Assets.xcassets; sourceTree = "<group>"; };
		44B489D823813BE700C706A2 /* Preview Assets.xcassets */ = {isa = PBXFileReference; lastKnownFileType = folder.assetcatalog; path = "Preview Assets.xcassets"; sourceTree = "<group>"; };
		44B489DB23813BE700C706A2 /* Base */ = {isa = PBXFileReference; lastKnownFileType = file.storyboard; name = Base; path = Base.lproj/LaunchScreen.storyboard; sourceTree = "<group>"; };
		44B489DD23813BE700C706A2 /* Info.plist */ = {isa = PBXFileReference; lastKnownFileType = text.plist.xml; path = Info.plist; sourceTree = "<group>"; };
		44B489E323813D1900C706A2 /* User.swift */ = {isa = PBXFileReference; lastKnownFileType = sourcecode.swift; path = User.swift; sourceTree = "<group>"; };
		44B489E62381A94800C706A2 /* Result.swift */ = {isa = PBXFileReference; lastKnownFileType = sourcecode.swift; path = Result.swift; sourceTree = "<group>"; };
		44B489E82381A99500C706A2 /* Response.swift */ = {isa = PBXFileReference; lastKnownFileType = sourcecode.swift; path = Response.swift; sourceTree = "<group>"; };
/* End PBXFileReference section */

/* Begin PBXFrameworksBuildPhase section */
		44B489C923813BE600C706A2 /* Frameworks */ = {
			isa = PBXFrameworksBuildPhase;
			buildActionMask = 2147483647;
			files = (
			);
			runOnlyForDeploymentPostprocessing = 0;
		};
/* End PBXFrameworksBuildPhase section */

/* Begin PBXGroup section */
		442B4B04238284B900BD6302 /* Old */ = {
			isa = PBXGroup;
			children = (
				442B4AFE23827E8900BD6302 /* Network.swift */,
				44B489E323813D1900C706A2 /* User.swift */,
				44B489E62381A94800C706A2 /* Result.swift */,
				44B489E82381A99500C706A2 /* Response.swift */,
			);
			path = Old;
			sourceTree = "<group>";
		};
		44B489C323813BE600C706A2 = {
			isa = PBXGroup;
			children = (
				44B489CE23813BE600C706A2 /* CupcakeCorner */,
				44B489CD23813BE600C706A2 /* Products */,
			);
			sourceTree = "<group>";
		};
		44B489CD23813BE600C706A2 /* Products */ = {
			isa = PBXGroup;
			children = (
				44B489CC23813BE600C706A2 /* CupcakeCorner.app */,
			);
			name = Products;
			sourceTree = "<group>";
		};
		44B489CE23813BE600C706A2 /* CupcakeCorner */ = {
			isa = PBXGroup;
			children = (
				442B4B04238284B900BD6302 /* Old */,
				44B489E52381A93300C706A2 /* Models */,
				44B489CF23813BE600C706A2 /* AppDelegate.swift */,
				44B489D123813BE600C706A2 /* SceneDelegate.swift */,
				44B489D323813BE600C706A2 /* ContentView.swift */,
				442B4AFC23827E6700BD6302 /* AddressView.swift */,
				442B4B00238282AE00BD6302 /* CheckoutView.swift */,
				44B489D523813BE700C706A2 /* Assets.xcassets */,
				44B489DA23813BE700C706A2 /* LaunchScreen.storyboard */,
				44B489DD23813BE700C706A2 /* Info.plist */,
				44B489D723813BE700C706A2 /* Preview Content */,
			);
			path = CupcakeCorner;
			sourceTree = "<group>";
		};
		44B489D723813BE700C706A2 /* Preview Content */ = {
			isa = PBXGroup;
			children = (
				44B489D823813BE700C706A2 /* Preview Assets.xcassets */,
			);
			path = "Preview Content";
			sourceTree = "<group>";
		};
		44B489E52381A93300C706A2 /* Models */ = {
			isa = PBXGroup;
			children = (
				442B4AF82381CC3100BD6302 /* Order.swift */,
				442B4B02238282F400BD6302 /* Address.swift */,
			);
			path = Models;
			sourceTree = "<group>";
		};
/* End PBXGroup section */

/* Begin PBXNativeTarget section */
		44B489CB23813BE600C706A2 /* CupcakeCorner */ = {
			isa = PBXNativeTarget;
			buildConfigurationList = 44B489E023813BE700C706A2 /* Build configuration list for PBXNativeTarget "CupcakeCorner" */;
			buildPhases = (
				44B489C823813BE600C706A2 /* Sources */,
				44B489C923813BE600C706A2 /* Frameworks */,
				44B489CA23813BE600C706A2 /* Resources */,
			);
			buildRules = (
			);
			dependencies = (
			);
			name = CupcakeCorner;
			productName = CupcakeCorner;
			productReference = 44B489CC23813BE600C706A2 /* CupcakeCorner.app */;
			productType = "com.apple.product-type.application";
		};
/* End PBXNativeTarget section */

/* Begin PBXProject section */
		44B489C423813BE600C706A2 /* Project object */ = {
			isa = PBXProject;
			attributes = {
				LastSwiftUpdateCheck = 1130;
				LastUpgradeCheck = 1130;
				ORGANIZATIONNAME = "Liem Vo";
				TargetAttributes = {
					44B489CB23813BE600C706A2 = {
						CreatedOnToolsVersion = 11.3;
					};
				};
			};
			buildConfigurationList = 44B489C723813BE600C706A2 /* Build configuration list for PBXProject "CupcakeCorner" */;
			compatibilityVersion = "Xcode 9.3";
			developmentRegion = en;
			hasScannedForEncodings = 0;
			knownRegions = (
				en,
				Base,
			);
			mainGroup = 44B489C323813BE600C706A2;
			productRefGroup = 44B489CD23813BE600C706A2 /* Products */;
			projectDirPath = "";
			projectRoot = "";
			targets = (
				44B489CB23813BE600C706A2 /* CupcakeCorner */,
			);
		};
/* End PBXProject section */

/* Begin PBXResourcesBuildPhase section */
		44B489CA23813BE600C706A2 /* Resources */ = {
			isa = PBXResourcesBuildPhase;
			buildActionMask = 2147483647;
			files = (
				44B489DC23813BE700C706A2 /* LaunchScreen.storyboard in Resources */,
				44B489D923813BE700C706A2 /* Preview Assets.xcassets in Resources */,
				44B489D623813BE700C706A2 /* Assets.xcassets in Resources */,
			);
			runOnlyForDeploymentPostprocessing = 0;
		};
/* End PBXResourcesBuildPhase section */

/* Begin PBXSourcesBuildPhase section */
		44B489C823813BE600C706A2 /* Sources */ = {
			isa = PBXSourcesBuildPhase;
			buildActionMask = 2147483647;
			files = (
				44B489E423813D1900C706A2 /* User.swift in Sources */,
				44B489E72381A94800C706A2 /* Result.swift in Sources */,
				442B4B01238282AE00BD6302 /* CheckoutView.swift in Sources */,
				44B489D023813BE600C706A2 /* AppDelegate.swift in Sources */,
				44B489D223813BE600C706A2 /* SceneDelegate.swift in Sources */,
				442B4AFD23827E6700BD6302 /* AddressView.swift in Sources */,
				442B4AFF23827E8900BD6302 /* Network.swift in Sources */,
				44B489E92381A99500C706A2 /* Response.swift in Sources */,
				44B489D423813BE600C706A2 /* ContentView.swift in Sources */,
				442B4B03238282F400BD6302 /* Address.swift in Sources */,
				442B4AF92381CC3100BD6302 /* Order.swift in Sources */,
			);
			runOnlyForDeploymentPostprocessing = 0;
		};
/* End PBXSourcesBuildPhase section */

/* Begin PBXVariantGroup section */
		44B489DA23813BE700C706A2 /* LaunchScreen.storyboard */ = {
			isa = PBXVariantGroup;
			children = (
				44B489DB23813BE700C706A2 /* Base */,
			);
			name = LaunchScreen.storyboard;
			sourceTree = "<group>";
		};
/* End PBXVariantGroup section */

/* Begin XCBuildConfiguration section */
		44B489DE23813BE700C706A2 /* Debug */ = {
			isa = XCBuildConfiguration;
			buildSettings = {
				ALWAYS_SEARCH_USER_PATHS = NO;
				CLANG_ANALYZER_NONNULL = YES;
				CLANG_ANALYZER_NUMBER_OBJECT_CONVERSION = YES_AGGRESSIVE;
				CLANG_CXX_LANGUAGE_STANDARD = "gnu++14";
				CLANG_CXX_LIBRARY = "libc++";
				CLANG_ENABLE_MODULES = YES;
				CLANG_ENABLE_OBJC_ARC = YES;
				CLANG_ENABLE_OBJC_WEAK = YES;
				CLANG_WARN_BLOCK_CAPTURE_AUTORELEASING = YES;
				CLANG_WARN_BOOL_CONVERSION = YES;
				CLANG_WARN_COMMA = YES;
				CLANG_WARN_CONSTANT_CONVERSION = YES;
				CLANG_WARN_DEPRECATED_OBJC_IMPLEMENTATIONS = YES;
				CLANG_WARN_DIRECT_OBJC_ISA_USAGE = YES_ERROR;
				CLANG_WARN_DOCUMENTATION_COMMENTS = YES;
				CLANG_WARN_EMPTY_BODY = YES;
				CLANG_WARN_ENUM_CONVERSION = YES;
				CLANG_WARN_INFINITE_RECURSION = YES;
				CLANG_WARN_INT_CONVERSION = YES;
				CLANG_WARN_NON_LITERAL_NULL_CONVERSION = YES;
				CLANG_WARN_OBJC_IMPLICIT_RETAIN_SELF = YES;
				CLANG_WARN_OBJC_LITERAL_CONVERSION = YES;
				CLANG_WARN_OBJC_ROOT_CLASS = YES_ERROR;
				CLANG_WARN_RANGE_LOOP_ANALYSIS = YES;
				CLANG_WARN_STRICT_PROTOTYPES = YES;
				CLANG_WARN_SUSPICIOUS_MOVE = YES;
				CLANG_WARN_UNGUARDED_AVAILABILITY = YES_AGGRESSIVE;
				CLANG_WARN_UNREACHABLE_CODE = YES;
				CLANG_WARN__DUPLICATE_METHOD_MATCH = YES;
				COPY_PHASE_STRIP = NO;
				DEBUG_INFORMATION_FORMAT = dwarf;
				ENABLE_STRICT_OBJC_MSGSEND = YES;
				ENABLE_TESTABILITY = YES;
				GCC_C_LANGUAGE_STANDARD = gnu11;
				GCC_DYNAMIC_NO_PIC = NO;
				GCC_NO_COMMON_BLOCKS = YES;
				GCC_OPTIMIZATION_LEVEL = 0;
				GCC_PREPROCESSOR_DEFINITIONS = (
					"DEBUG=1",
					"$(inherited)",
				);
				GCC_WARN_64_TO_32_BIT_CONVERSION = YES;
				GCC_WARN_ABOUT_RETURN_TYPE = YES_ERROR;
				GCC_WARN_UNDECLARED_SELECTOR = YES;
				GCC_WARN_UNINITIALIZED_AUTOS = YES_AGGRESSIVE;
				GCC_WARN_UNUSED_FUNCTION = YES;
				GCC_WARN_UNUSED_VARIABLE = YES;
				IPHONEOS_DEPLOYMENT_TARGET = 13.2;
				MTL_ENABLE_DEBUG_INFO = INCLUDE_SOURCE;
				MTL_FAST_MATH = YES;
				ONLY_ACTIVE_ARCH = YES;
				SDKROOT = iphoneos;
				SWIFT_ACTIVE_COMPILATION_CONDITIONS = DEBUG;
				SWIFT_OPTIMIZATION_LEVEL = "-Onone";
			};
			name = Debug;
		};
		44B489DF23813BE700C706A2 /* Release */ = {
			isa = XCBuildConfiguration;
			buildSettings = {
				ALWAYS_SEARCH_USER_PATHS = NO;
				CLANG_ANALYZER_NONNULL = YES;
				CLANG_ANALYZER_NUMBER_OBJECT_CONVERSION = YES_AGGRESSIVE;
				CLANG_CXX_LANGUAGE_STANDARD = "gnu++14";
				CLANG_CXX_LIBRARY = "libc++";
				CLANG_ENABLE_MODULES = YES;
				CLANG_ENABLE_OBJC_ARC = YES;
				CLANG_ENABLE_OBJC_WEAK = YES;
				CLANG_WARN_BLOCK_CAPTURE_AUTORELEASING = YES;
				CLANG_WARN_BOOL_CONVERSION = YES;
				CLANG_WARN_COMMA = YES;
				CLANG_WARN_CONSTANT_CONVERSION = YES;
				CLANG_WARN_DEPRECATED_OBJC_IMPLEMENTATIONS = YES;
				CLANG_WARN_DIRECT_OBJC_ISA_USAGE = YES_ERROR;
				CLANG_WARN_DOCUMENTATION_COMMENTS = YES;
				CLANG_WARN_EMPTY_BODY = YES;
				CLANG_WARN_ENUM_CONVERSION = YES;
				CLANG_WARN_INFINITE_RECURSION = YES;
				CLANG_WARN_INT_CONVERSION = YES;
				CLANG_WARN_NON_LITERAL_NULL_CONVERSION = YES;
				CLANG_WARN_OBJC_IMPLICIT_RETAIN_SELF = YES;
				CLANG_WARN_OBJC_LITERAL_CONVERSION = YES;
				CLANG_WARN_OBJC_ROOT_CLASS = YES_ERROR;
				CLANG_WARN_RANGE_LOOP_ANALYSIS = YES;
				CLANG_WARN_STRICT_PROTOTYPES = YES;
				CLANG_WARN_SUSPICIOUS_MOVE = YES;
				CLANG_WARN_UNGUARDED_AVAILABILITY = YES_AGGRESSIVE;
				CLANG_WARN_UNREACHABLE_CODE = YES;
				CLANG_WARN__DUPLICATE_METHOD_MATCH = YES;
				COPY_PHASE_STRIP = NO;
				DEBUG_INFORMATION_FORMAT = "dwarf-with-dsym";
				ENABLE_NS_ASSERTIONS = NO;
				ENABLE_STRICT_OBJC_MSGSEND = YES;
				GCC_C_LANGUAGE_STANDARD = gnu11;
				GCC_NO_COMMON_BLOCKS = YES;
				GCC_WARN_64_TO_32_BIT_CONVERSION = YES;
				GCC_WARN_ABOUT_RETURN_TYPE = YES_ERROR;
				GCC_WARN_UNDECLARED_SELECTOR = YES;
				GCC_WARN_UNINITIALIZED_AUTOS = YES_AGGRESSIVE;
				GCC_WARN_UNUSED_FUNCTION = YES;
				GCC_WARN_UNUSED_VARIABLE = YES;
				IPHONEOS_DEPLOYMENT_TARGET = 13.2;
				MTL_ENABLE_DEBUG_INFO = NO;
				MTL_FAST_MATH = YES;
				SDKROOT = iphoneos;
				SWIFT_COMPILATION_MODE = wholemodule;
				SWIFT_OPTIMIZATION_LEVEL = "-O";
				VALIDATE_PRODUCT = YES;
			};
			name = Release;
		};
		44B489E123813BE700C706A2 /* Debug */ = {
			isa = XCBuildConfiguration;
			buildSettings = {
				ASSETCATALOG_COMPILER_APPICON_NAME = AppIcon;
				CODE_SIGN_STYLE = Automatic;
				DEVELOPMENT_ASSET_PATHS = "\"CupcakeCorner/Preview Content\"";
				DEVELOPMENT_TEAM = X3FGZM4HB9;
				ENABLE_PREVIEWS = YES;
				INFOPLIST_FILE = CupcakeCorner/Info.plist;
				LD_RUNPATH_SEARCH_PATHS = (
					"$(inherited)",
					"@executable_path/Frameworks",
				);
				PRODUCT_BUNDLE_IDENTIFIER = com.vad.CupcakeCorner;
				PRODUCT_NAME = "$(TARGET_NAME)";
				SWIFT_VERSION = 5.0;
				TARGETED_DEVICE_FAMILY = "1,2";
			};
			name = Debug;
		};
		44B489E223813BE700C706A2 /* Release */ = {
			isa = XCBuildConfiguration;
			buildSettings = {
				ASSETCATALOG_COMPILER_APPICON_NAME = AppIcon;
				CODE_SIGN_STYLE = Automatic;
				DEVELOPMENT_ASSET_PATHS = "\"CupcakeCorner/Preview Content\"";
				DEVELOPMENT_TEAM = X3FGZM4HB9;
				ENABLE_PREVIEWS = YES;
				INFOPLIST_FILE = CupcakeCorner/Info.plist;
				LD_RUNPATH_SEARCH_PATHS = (
					"$(inherited)",
					"@executable_path/Frameworks",
				);
				PRODUCT_BUNDLE_IDENTIFIER = com.vad.CupcakeCorner;
				PRODUCT_NAME = "$(TARGET_NAME)";
				SWIFT_VERSION = 5.0;
				TARGETED_DEVICE_FAMILY = "1,2";
			};
			name = Release;
		};
/* End XCBuildConfiguration section */

/* Begin XCConfigurationList section */
		44B489C723813BE600C706A2 /* Build configuration list for PBXProject "CupcakeCorner" */ = {
			isa = XCConfigurationList;
			buildConfigurations = (
				44B489DE23813BE700C706A2 /* Debug */,
				44B489DF23813BE700C706A2 /* Release */,
			);
			defaultConfigurationIsVisible = 0;
			defaultConfigurationName = Release;
		};
		44B489E023813BE700C706A2 /* Build configuration list for PBXNativeTarget "CupcakeCorner" */ = {
			isa = XCConfigurationList;
			buildConfigurations = (
				44B489E123813BE700C706A2 /* Debug */,
				44B489E223813BE700C706A2 /* Release */,
			);
			defaultConfigurationIsVisible = 0;
			defaultConfigurationName = Release;
		};
/* End XCConfigurationList section */
	};
	rootObject = 44B489C423813BE600C706A2 /* Project object */;
}
