// !$*UTF8*$!
{
	archiveVersion = 1;
	classes = {
	};
	objectVersion = 50;
	objects = {

/* Begin PBXBuildFile section */
		448C267E2384FEBE00C01F7B /* AppDelegate.swift in Sources */ = {isa = PBXBuildFile; fileRef = 448C267D2384FEBE00C01F7B /* AppDelegate.swift */; };
		448C26802384FEBE00C01F7B /* SceneDelegate.swift in Sources */ = {isa = PBXBuildFile; fileRef = 448C267F2384FEBE00C01F7B /* SceneDelegate.swift */; };
		448C26832384FEBE00C01F7B /* Bookworm.xcdatamodeld in Sources */ = {isa = PBXBuildFile; fileRef = 448C26812384FEBE00C01F7B /* Bookworm.xcdatamodeld */; };
		448C26852384FEBE00C01F7B /* ContentView.swift in Sources */ = {isa = PBXBuildFile; fileRef = 448C26842384FEBE00C01F7B /* ContentView.swift */; };
		448C26872384FEBF00C01F7B /* Assets.xcassets in Resources */ = {isa = PBXBuildFile; fileRef = 448C26862384FEBF00C01F7B /* Assets.xcassets */; };
		448C268A2384FEBF00C01F7B /* Preview Assets.xcassets in Resources */ = {isa = PBXBuildFile; fileRef = 448C26892384FEBF00C01F7B /* Preview Assets.xcassets */; };
		448C268D2384FEBF00C01F7B /* LaunchScreen.storyboard in Resources */ = {isa = PBXBuildFile; fileRef = 448C268B2384FEBF00C01F7B /* LaunchScreen.storyboard */; };
		448C2699238509CF00C01F7B /* AddBookView.swift in Sources */ = {isa = PBXBuildFile; fileRef = 448C2698238509CF00C01F7B /* AddBookView.swift */; };
		448C269B2385150C00C01F7B /* RatingView.swift in Sources */ = {isa = PBXBuildFile; fileRef = 448C269A2385150C00C01F7B /* RatingView.swift */; };
		448C269E2385181E00C01F7B /* EmojiRatingView.swift in Sources */ = {isa = PBXBuildFile; fileRef = 448C269D2385181E00C01F7B /* EmojiRatingView.swift */; };
/* End PBXBuildFile section */

/* Begin PBXFileReference section */
		448C267A2384FEBE00C01F7B /* Bookworm.app */ = {isa = PBXFileReference; explicitFileType = wrapper.application; includeInIndex = 0; path = Bookworm.app; sourceTree = BUILT_PRODUCTS_DIR; };
		448C267D2384FEBE00C01F7B /* AppDelegate.swift */ = {isa = PBXFileReference; lastKnownFileType = sourcecode.swift; path = AppDelegate.swift; sourceTree = "<group>"; };
		448C267F2384FEBE00C01F7B /* SceneDelegate.swift */ = {isa = PBXFileReference; lastKnownFileType = sourcecode.swift; path = SceneDelegate.swift; sourceTree = "<group>"; };
		448C26822384FEBE00C01F7B /* Bookworm.xcdatamodel */ = {isa = PBXFileReference; lastKnownFileType = wrapper.xcdatamodel; path = Bookworm.xcdatamodel; sourceTree = "<group>"; };
		448C26842384FEBE00C01F7B /* ContentView.swift */ = {isa = PBXFileReference; lastKnownFileType = sourcecode.swift; path = ContentView.swift; sourceTree = "<group>"; };
		448C26862384FEBF00C01F7B /* Assets.xcassets */ = {isa = PBXFileReference; lastKnownFileType = folder.assetcatalog; path = Assets.xcassets; sourceTree = "<group>"; };
		448C26892384FEBF00C01F7B /* Preview Assets.xcassets */ = {isa = PBXFileReference; lastKnownFileType = folder.assetcatalog; path = "Preview Assets.xcassets"; sourceTree = "<group>"; };
		448C268C2384FEBF00C01F7B /* Base */ = {isa = PBXFileReference; lastKnownFileType = file.storyboard; name = Base; path = Base.lproj/LaunchScreen.storyboard; sourceTree = "<group>"; };
		448C268E2384FEBF00C01F7B /* Info.plist */ = {isa = PBXFileReference; lastKnownFileType = text.plist.xml; path = Info.plist; sourceTree = "<group>"; };
		448C2698238509CF00C01F7B /* AddBookView.swift */ = {isa = PBXFileReference; lastKnownFileType = sourcecode.swift; path = AddBookView.swift; sourceTree = "<group>"; };
		448C269A2385150C00C01F7B /* RatingView.swift */ = {isa = PBXFileReference; lastKnownFileType = sourcecode.swift; path = RatingView.swift; sourceTree = "<group>"; };
		448C269D2385181E00C01F7B /* EmojiRatingView.swift */ = {isa = PBXFileReference; lastKnownFileType = sourcecode.swift; path = EmojiRatingView.swift; sourceTree = "<group>"; };
/* End PBXFileReference section */

/* Begin PBXFrameworksBuildPhase section */
		448C26772384FEBE00C01F7B /* Frameworks */ = {
			isa = PBXFrameworksBuildPhase;
			buildActionMask = 2147483647;
			files = (
			);
			runOnlyForDeploymentPostprocessing = 0;
		};
/* End PBXFrameworksBuildPhase section */

/* Begin PBXGroup section */
		448C26712384FEBE00C01F7B = {
			isa = PBXGroup;
			children = (
				448C267C2384FEBE00C01F7B /* Bookworm */,
				448C267B2384FEBE00C01F7B /* Products */,
			);
			sourceTree = "<group>";
		};
		448C267B2384FEBE00C01F7B /* Products */ = {
			isa = PBXGroup;
			children = (
				448C267A2384FEBE00C01F7B /* Bookworm.app */,
			);
			name = Products;
			sourceTree = "<group>";
		};
		448C267C2384FEBE00C01F7B /* Bookworm */ = {
			isa = PBXGroup;
			children = (
				448C269C2385180A00C01F7B /* view */,
				448C267D2384FEBE00C01F7B /* AppDelegate.swift */,
				448C267F2384FEBE00C01F7B /* SceneDelegate.swift */,
				448C26842384FEBE00C01F7B /* ContentView.swift */,
				448C26862384FEBF00C01F7B /* Assets.xcassets */,
				448C268B2384FEBF00C01F7B /* LaunchScreen.storyboard */,
				448C268E2384FEBF00C01F7B /* Info.plist */,
				448C26812384FEBE00C01F7B /* Bookworm.xcdatamodeld */,
				448C26882384FEBF00C01F7B /* Preview Content */,
			);
			path = Bookworm;
			sourceTree = "<group>";
		};
		448C26882384FEBF00C01F7B /* Preview Content */ = {
			isa = PBXGroup;
			children = (
				448C26892384FEBF00C01F7B /* Preview Assets.xcassets */,
			);
			path = "Preview Content";
			sourceTree = "<group>";
		};
		448C269C2385180A00C01F7B /* view */ = {
			isa = PBXGroup;
			children = (
				448C2698238509CF00C01F7B /* AddBookView.swift */,
				448C269A2385150C00C01F7B /* RatingView.swift */,
				448C269D2385181E00C01F7B /* EmojiRatingView.swift */,
			);
			path = view;
			sourceTree = "<group>";
		};
/* End PBXGroup section */

/* Begin PBXNativeTarget section */
		448C26792384FEBE00C01F7B /* Bookworm */ = {
			isa = PBXNativeTarget;
			buildConfigurationList = 448C26912384FEBF00C01F7B /* Build configuration list for PBXNativeTarget "Bookworm" */;
			buildPhases = (
				448C26762384FEBE00C01F7B /* Sources */,
				448C26772384FEBE00C01F7B /* Frameworks */,
				448C26782384FEBE00C01F7B /* Resources */,
			);
			buildRules = (
			);
			dependencies = (
			);
			name = Bookworm;
			productName = Bookworm;
			productReference = 448C267A2384FEBE00C01F7B /* Bookworm.app */;
			productType = "com.apple.product-type.application";
		};
/* End PBXNativeTarget section */

/* Begin PBXProject section */
		448C26722384FEBE00C01F7B /* Project object */ = {
			isa = PBXProject;
			attributes = {
				LastSwiftUpdateCheck = 1130;
				LastUpgradeCheck = 1130;
				ORGANIZATIONNAME = "Liem Vo";
				TargetAttributes = {
					448C26792384FEBE00C01F7B = {
						CreatedOnToolsVersion = 11.3;
					};
				};
			};
			buildConfigurationList = 448C26752384FEBE00C01F7B /* Build configuration list for PBXProject "Bookworm" */;
			compatibilityVersion = "Xcode 9.3";
			developmentRegion = en;
			hasScannedForEncodings = 0;
			knownRegions = (
				en,
				Base,
			);
			mainGroup = 448C26712384FEBE00C01F7B;
			productRefGroup = 448C267B2384FEBE00C01F7B /* Products */;
			projectDirPath = "";
			projectRoot = "";
			targets = (
				448C26792384FEBE00C01F7B /* Bookworm */,
			);
		};
/* End PBXProject section */

/* Begin PBXResourcesBuildPhase section */
		448C26782384FEBE00C01F7B /* Resources */ = {
			isa = PBXResourcesBuildPhase;
			buildActionMask = 2147483647;
			files = (
				448C268D2384FEBF00C01F7B /* LaunchScreen.storyboard in Resources */,
				448C268A2384FEBF00C01F7B /* Preview Assets.xcassets in Resources */,
				448C26872384FEBF00C01F7B /* Assets.xcassets in Resources */,
			);
			runOnlyForDeploymentPostprocessing = 0;
		};
/* End PBXResourcesBuildPhase section */

/* Begin PBXSourcesBuildPhase section */
		448C26762384FEBE00C01F7B /* Sources */ = {
			isa = PBXSourcesBuildPhase;
			buildActionMask = 2147483647;
			files = (
				448C267E2384FEBE00C01F7B /* AppDelegate.swift in Sources */,
				448C26832384FEBE00C01F7B /* Bookworm.xcdatamodeld in Sources */,
				448C269E2385181E00C01F7B /* EmojiRatingView.swift in Sources */,
				448C26852384FEBE00C01F7B /* ContentView.swift in Sources */,
				448C269B2385150C00C01F7B /* RatingView.swift in Sources */,
				448C26802384FEBE00C01F7B /* SceneDelegate.swift in Sources */,
				448C2699238509CF00C01F7B /* AddBookView.swift in Sources */,
			);
			runOnlyForDeploymentPostprocessing = 0;
		};
/* End PBXSourcesBuildPhase section */

/* Begin PBXVariantGroup section */
		448C268B2384FEBF00C01F7B /* LaunchScreen.storyboard */ = {
			isa = PBXVariantGroup;
			children = (
				448C268C2384FEBF00C01F7B /* Base */,
			);
			name = LaunchScreen.storyboard;
			sourceTree = "<group>";
		};
/* End PBXVariantGroup section */

/* Begin XCBuildConfiguration section */
		448C268F2384FEBF00C01F7B /* Debug */ = {
			isa = XCBuildConfiguration;
			buildSettings = {
				ALWAYS_SEARCH_USER_PATHS = NO;
				CLANG_ANALYZER_NONNULL = YES;
				CLANG_ANALYZER_NUMBER_OBJECT_CONVERSION = YES_AGGRESSIVE;
				CLANG_CXX_LANGUAGE_STANDARD = "gnu++14";
				CLANG_CXX_LIBRARY = "libc++";
				CLANG_ENABLE_MODULES = YES;
				CLANG_ENABLE_OBJC_ARC = YES;
				CLANG_ENABLE_OBJC_WEAK = YES;
				CLANG_WARN_BLOCK_CAPTURE_AUTORELEASING = YES;
				CLANG_WARN_BOOL_CONVERSION = YES;
				CLANG_WARN_COMMA = YES;
				CLANG_WARN_CONSTANT_CONVERSION = YES;
				CLANG_WARN_DEPRECATED_OBJC_IMPLEMENTATIONS = YES;
				CLANG_WARN_DIRECT_OBJC_ISA_USAGE = YES_ERROR;
				CLANG_WARN_DOCUMENTATION_COMMENTS = YES;
				CLANG_WARN_EMPTY_BODY = YES;
				CLANG_WARN_ENUM_CONVERSION = YES;
				CLANG_WARN_INFINITE_RECURSION = YES;
				CLANG_WARN_INT_CONVERSION = YES;
				CLANG_WARN_NON_LITERAL_NULL_CONVERSION = YES;
				CLANG_WARN_OBJC_IMPLICIT_RETAIN_SELF = YES;
				CLANG_WARN_OBJC_LITERAL_CONVERSION = YES;
				CLANG_WARN_OBJC_ROOT_CLASS = YES_ERROR;
				CLANG_WARN_RANGE_LOOP_ANALYSIS = YES;
				CLANG_WARN_STRICT_PROTOTYPES = YES;
				CLANG_WARN_SUSPICIOUS_MOVE = YES;
				CLANG_WARN_UNGUARDED_AVAILABILITY = YES_AGGRESSIVE;
				CLANG_WARN_UNREACHABLE_CODE = YES;
				CLANG_WARN__DUPLICATE_METHOD_MATCH = YES;
				COPY_PHASE_STRIP = NO;
				DEBUG_INFORMATION_FORMAT = dwarf;
				ENABLE_STRICT_OBJC_MSGSEND = YES;
				ENABLE_TESTABILITY = YES;
				GCC_C_LANGUAGE_STANDARD = gnu11;
				GCC_DYNAMIC_NO_PIC = NO;
				GCC_NO_COMMON_BLOCKS = YES;
				GCC_OPTIMIZATION_LEVEL = 0;
				GCC_PREPROCESSOR_DEFINITIONS = (
					"DEBUG=1",
					"$(inherited)",
				);
				GCC_WARN_64_TO_32_BIT_CONVERSION = YES;
				GCC_WARN_ABOUT_RETURN_TYPE = YES_ERROR;
				GCC_WARN_UNDECLARED_SELECTOR = YES;
				GCC_WARN_UNINITIALIZED_AUTOS = YES_AGGRESSIVE;
				GCC_WARN_UNUSED_FUNCTION = YES;
				GCC_WARN_UNUSED_VARIABLE = YES;
				IPHONEOS_DEPLOYMENT_TARGET = 13.2;
				MTL_ENABLE_DEBUG_INFO = INCLUDE_SOURCE;
				MTL_FAST_MATH = YES;
				ONLY_ACTIVE_ARCH = YES;
				SDKROOT = iphoneos;
				SWIFT_ACTIVE_COMPILATION_CONDITIONS = DEBUG;
				SWIFT_OPTIMIZATION_LEVEL = "-Onone";
			};
			name = Debug;
		};
		448C26902384FEBF00C01F7B /* Release */ = {
			isa = XCBuildConfiguration;
			buildSettings = {
				ALWAYS_SEARCH_USER_PATHS = NO;
				CLANG_ANALYZER_NONNULL = YES;
				CLANG_ANALYZER_NUMBER_OBJECT_CONVERSION = YES_AGGRESSIVE;
				CLANG_CXX_LANGUAGE_STANDARD = "gnu++14";
				CLANG_CXX_LIBRARY = "libc++";
				CLANG_ENABLE_MODULES = YES;
				CLANG_ENABLE_OBJC_ARC = YES;
				CLANG_ENABLE_OBJC_WEAK = YES;
				CLANG_WARN_BLOCK_CAPTURE_AUTORELEASING = YES;
				CLANG_WARN_BOOL_CONVERSION = YES;
				CLANG_WARN_COMMA = YES;
				CLANG_WARN_CONSTANT_CONVERSION = YES;
				CLANG_WARN_DEPRECATED_OBJC_IMPLEMENTATIONS = YES;
				CLANG_WARN_DIRECT_OBJC_ISA_USAGE = YES_ERROR;
				CLANG_WARN_DOCUMENTATION_COMMENTS = YES;
				CLANG_WARN_EMPTY_BODY = YES;
				CLANG_WARN_ENUM_CONVERSION = YES;
				CLANG_WARN_INFINITE_RECURSION = YES;
				CLANG_WARN_INT_CONVERSION = YES;
				CLANG_WARN_NON_LITERAL_NULL_CONVERSION = YES;
				CLANG_WARN_OBJC_IMPLICIT_RETAIN_SELF = YES;
				CLANG_WARN_OBJC_LITERAL_CONVERSION = YES;
				CLANG_WARN_OBJC_ROOT_CLASS = YES_ERROR;
				CLANG_WARN_RANGE_LOOP_ANALYSIS = YES;
				CLANG_WARN_STRICT_PROTOTYPES = YES;
				CLANG_WARN_SUSPICIOUS_MOVE = YES;
				CLANG_WARN_UNGUARDED_AVAILABILITY = YES_AGGRESSIVE;
				CLANG_WARN_UNREACHABLE_CODE = YES;
				CLANG_WARN__DUPLICATE_METHOD_MATCH = YES;
				COPY_PHASE_STRIP = NO;
				DEBUG_INFORMATION_FORMAT = "dwarf-with-dsym";
				ENABLE_NS_ASSERTIONS = NO;
				ENABLE_STRICT_OBJC_MSGSEND = YES;
				GCC_C_LANGUAGE_STANDARD = gnu11;
				GCC_NO_COMMON_BLOCKS = YES;
				GCC_WARN_64_TO_32_BIT_CONVERSION = YES;
				GCC_WARN_ABOUT_RETURN_TYPE = YES_ERROR;
				GCC_WARN_UNDECLARED_SELECTOR = YES;
				GCC_WARN_UNINITIALIZED_AUTOS = YES_AGGRESSIVE;
				GCC_WARN_UNUSED_FUNCTION = YES;
				GCC_WARN_UNUSED_VARIABLE = YES;
				IPHONEOS_DEPLOYMENT_TARGET = 13.2;
				MTL_ENABLE_DEBUG_INFO = NO;
				MTL_FAST_MATH = YES;
				SDKROOT = iphoneos;
				SWIFT_COMPILATION_MODE = wholemodule;
				SWIFT_OPTIMIZATION_LEVEL = "-O";
				VALIDATE_PRODUCT = YES;
			};
			name = Release;
		};
		448C26922384FEBF00C01F7B /* Debug */ = {
			isa = XCBuildConfiguration;
			buildSettings = {
				ASSETCATALOG_COMPILER_APPICON_NAME = AppIcon;
				CODE_SIGN_STYLE = Automatic;
				DEVELOPMENT_ASSET_PATHS = "\"Bookworm/Preview Content\"";
				DEVELOPMENT_TEAM = X3FGZM4HB9;
				ENABLE_PREVIEWS = YES;
				INFOPLIST_FILE = Bookworm/Info.plist;
				LD_RUNPATH_SEARCH_PATHS = (
					"$(inherited)",
					"@executable_path/Frameworks",
				);
				PRODUCT_BUNDLE_IDENTIFIER = com.vad.Bookworm;
				PRODUCT_NAME = "$(TARGET_NAME)";
				SWIFT_VERSION = 5.0;
				TARGETED_DEVICE_FAMILY = "1,2";
			};
			name = Debug;
		};
		448C26932384FEBF00C01F7B /* Release */ = {
			isa = XCBuildConfiguration;
			buildSettings = {
				ASSETCATALOG_COMPILER_APPICON_NAME = AppIcon;
				CODE_SIGN_STYLE = Automatic;
				DEVELOPMENT_ASSET_PATHS = "\"Bookworm/Preview Content\"";
				DEVELOPMENT_TEAM = X3FGZM4HB9;
				ENABLE_PREVIEWS = YES;
				INFOPLIST_FILE = Bookworm/Info.plist;
				LD_RUNPATH_SEARCH_PATHS = (
					"$(inherited)",
					"@executable_path/Frameworks",
				);
				PRODUCT_BUNDLE_IDENTIFIER = com.vad.Bookworm;
				PRODUCT_NAME = "$(TARGET_NAME)";
				SWIFT_VERSION = 5.0;
				TARGETED_DEVICE_FAMILY = "1,2";
			};
			name = Release;
		};
/* End XCBuildConfiguration section */

/* Begin XCConfigurationList section */
		448C26752384FEBE00C01F7B /* Build configuration list for PBXProject "Bookworm" */ = {
			isa = XCConfigurationList;
			buildConfigurations = (
				448C268F2384FEBF00C01F7B /* Debug */,
				448C26902384FEBF00C01F7B /* Release */,
			);
			defaultConfigurationIsVisible = 0;
			defaultConfigurationName = Release;
		};
		448C26912384FEBF00C01F7B /* Build configuration list for PBXNativeTarget "Bookworm" */ = {
			isa = XCConfigurationList;
			buildConfigurations = (
				448C26922384FEBF00C01F7B /* Debug */,
				448C26932384FEBF00C01F7B /* Release */,
			);
			defaultConfigurationIsVisible = 0;
			defaultConfigurationName = Release;
		};
/* End XCConfigurationList section */

/* Begin XCVersionGroup section */
		448C26812384FEBE00C01F7B /* Bookworm.xcdatamodeld */ = {
			isa = XCVersionGroup;
			children = (
				448C26822384FEBE00C01F7B /* Bookworm.xcdatamodel */,
			);
			currentVersion = 448C26822384FEBE00C01F7B /* Bookworm.xcdatamodel */;
			path = Bookworm.xcdatamodeld;
			sourceTree = "<group>";
			versionGroupType = wrapper.xcdatamodel;
		};
/* End XCVersionGroup section */
	};
	rootObject = 448C26722384FEBE00C01F7B /* Project object */;
}
