// !$*UTF8*$!
{
	archiveVersion = 1;
	classes = {
	};
	objectVersion = 50;
	objects = {

/* Begin PBXBuildFile section */
		44A34CE42376B2E60036D8BF /* AppDelegate.swift in Sources */ = {isa = PBXBuildFile; fileRef = 44A34CE32376B2E60036D8BF /* AppDelegate.swift */; };
		44A34CE62376B2E60036D8BF /* SceneDelegate.swift in Sources */ = {isa = PBXBuildFile; fileRef = 44A34CE52376B2E60036D8BF /* SceneDelegate.swift */; };
		44A34CE82376B2E60036D8BF /* ContentView.swift in Sources */ = {isa = PBXBuildFile; fileRef = 44A34CE72376B2E60036D8BF /* ContentView.swift */; };
		44A34CEA2376B2E80036D8BF /* Assets.xcassets in Resources */ = {isa = PBXBuildFile; fileRef = 44A34CE92376B2E80036D8BF /* Assets.xcassets */; };
		44A34CED2376B2E80036D8BF /* Preview Assets.xcassets in Resources */ = {isa = PBXBuildFile; fileRef = 44A34CEC2376B2E80036D8BF /* Preview Assets.xcassets */; };
		44A34CF02376B2E80036D8BF /* LaunchScreen.storyboard in Resources */ = {isa = PBXBuildFile; fileRef = 44A34CEE2376B2E80036D8BF /* LaunchScreen.storyboard */; };
		44A34CF82376BB730036D8BF /* GameView.swift in Sources */ = {isa = PBXBuildFile; fileRef = 44A34CF72376BB730036D8BF /* GameView.swift */; };
		44A34CFA2376BC5C0036D8BF /* Question.swift in Sources */ = {isa = PBXBuildFile; fileRef = 44A34CF92376BC5C0036D8BF /* Question.swift */; };
/* End PBXBuildFile section */

/* Begin PBXFileReference section */
		44A34CE02376B2E60036D8BF /* Challenge4-6.app */ = {isa = PBXFileReference; explicitFileType = wrapper.application; includeInIndex = 0; path = "Challenge4-6.app"; sourceTree = BUILT_PRODUCTS_DIR; };
		44A34CE32376B2E60036D8BF /* AppDelegate.swift */ = {isa = PBXFileReference; lastKnownFileType = sourcecode.swift; path = AppDelegate.swift; sourceTree = "<group>"; };
		44A34CE52376B2E60036D8BF /* SceneDelegate.swift */ = {isa = PBXFileReference; lastKnownFileType = sourcecode.swift; path = SceneDelegate.swift; sourceTree = "<group>"; };
		44A34CE72376B2E60036D8BF /* ContentView.swift */ = {isa = PBXFileReference; lastKnownFileType = sourcecode.swift; path = ContentView.swift; sourceTree = "<group>"; };
		44A34CE92376B2E80036D8BF /* Assets.xcassets */ = {isa = PBXFileReference; lastKnownFileType = folder.assetcatalog; path = Assets.xcassets; sourceTree = "<group>"; };
		44A34CEC2376B2E80036D8BF /* Preview Assets.xcassets */ = {isa = PBXFileReference; lastKnownFileType = folder.assetcatalog; path = "Preview Assets.xcassets"; sourceTree = "<group>"; };
		44A34CEF2376B2E80036D8BF /* Base */ = {isa = PBXFileReference; lastKnownFileType = file.storyboard; name = Base; path = Base.lproj/LaunchScreen.storyboard; sourceTree = "<group>"; };
		44A34CF12376B2E80036D8BF /* Info.plist */ = {isa = PBXFileReference; lastKnownFileType = text.plist.xml; path = Info.plist; sourceTree = "<group>"; };
		44A34CF72376BB730036D8BF /* GameView.swift */ = {isa = PBXFileReference; lastKnownFileType = sourcecode.swift; path = GameView.swift; sourceTree = SOURCE_ROOT; };
		44A34CF92376BC5C0036D8BF /* Question.swift */ = {isa = PBXFileReference; lastKnownFileType = sourcecode.swift; path = Question.swift; sourceTree = "<group>"; };
/* End PBXFileReference section */

/* Begin PBXFrameworksBuildPhase section */
		44A34CDD2376B2E60036D8BF /* Frameworks */ = {
			isa = PBXFrameworksBuildPhase;
			buildActionMask = 2147483647;
			files = (
			);
			runOnlyForDeploymentPostprocessing = 0;
		};
/* End PBXFrameworksBuildPhase section */

/* Begin PBXGroup section */
		44A34CD72376B2E60036D8BF = {
			isa = PBXGroup;
			children = (
				44A34CE22376B2E60036D8BF /* Challenge4-6 */,
				44A34CE12376B2E60036D8BF /* Products */,
			);
			sourceTree = "<group>";
		};
		44A34CE12376B2E60036D8BF /* Products */ = {
			isa = PBXGroup;
			children = (
				44A34CE02376B2E60036D8BF /* Challenge4-6.app */,
			);
			name = Products;
			sourceTree = "<group>";
		};
		44A34CE22376B2E60036D8BF /* Challenge4-6 */ = {
			isa = PBXGroup;
			children = (
				44A34CE32376B2E60036D8BF /* AppDelegate.swift */,
				44A34CE52376B2E60036D8BF /* SceneDelegate.swift */,
				44A34CE72376B2E60036D8BF /* ContentView.swift */,
				44A34CE92376B2E80036D8BF /* Assets.xcassets */,
				44A34CEE2376B2E80036D8BF /* LaunchScreen.storyboard */,
				44A34CF12376B2E80036D8BF /* Info.plist */,
				44A34CEB2376B2E80036D8BF /* Preview Content */,
				44A34CF72376BB730036D8BF /* GameView.swift */,
				44A34CF92376BC5C0036D8BF /* Question.swift */,
			);
			path = "Challenge4-6";
			sourceTree = "<group>";
		};
		44A34CEB2376B2E80036D8BF /* Preview Content */ = {
			isa = PBXGroup;
			children = (
				44A34CEC2376B2E80036D8BF /* Preview Assets.xcassets */,
			);
			path = "Preview Content";
			sourceTree = "<group>";
		};
/* End PBXGroup section */

/* Begin PBXNativeTarget section */
		44A34CDF2376B2E60036D8BF /* Challenge4-6 */ = {
			isa = PBXNativeTarget;
			buildConfigurationList = 44A34CF42376B2E80036D8BF /* Build configuration list for PBXNativeTarget "Challenge4-6" */;
			buildPhases = (
				44A34CDC2376B2E60036D8BF /* Sources */,
				44A34CDD2376B2E60036D8BF /* Frameworks */,
				44A34CDE2376B2E60036D8BF /* Resources */,
			);
			buildRules = (
			);
			dependencies = (
			);
			name = "Challenge4-6";
			productName = "Challenge4-6";
			productReference = 44A34CE02376B2E60036D8BF /* Challenge4-6.app */;
			productType = "com.apple.product-type.application";
		};
/* End PBXNativeTarget section */

/* Begin PBXProject section */
		44A34CD82376B2E60036D8BF /* Project object */ = {
			isa = PBXProject;
			attributes = {
				LastSwiftUpdateCheck = 1120;
				LastUpgradeCheck = 1120;
				ORGANIZATIONNAME = "Liem Vo";
				TargetAttributes = {
					44A34CDF2376B2E60036D8BF = {
						CreatedOnToolsVersion = 11.2;
					};
				};
			};
			buildConfigurationList = 44A34CDB2376B2E60036D8BF /* Build configuration list for PBXProject "Challenge4-6" */;
			compatibilityVersion = "Xcode 9.3";
			developmentRegion = en;
			hasScannedForEncodings = 0;
			knownRegions = (
				en,
				Base,
			);
			mainGroup = 44A34CD72376B2E60036D8BF;
			productRefGroup = 44A34CE12376B2E60036D8BF /* Products */;
			projectDirPath = "";
			projectRoot = "";
			targets = (
				44A34CDF2376B2E60036D8BF /* Challenge4-6 */,
			);
		};
/* End PBXProject section */

/* Begin PBXResourcesBuildPhase section */
		44A34CDE2376B2E60036D8BF /* Resources */ = {
			isa = PBXResourcesBuildPhase;
			buildActionMask = 2147483647;
			files = (
				44A34CF02376B2E80036D8BF /* LaunchScreen.storyboard in Resources */,
				44A34CED2376B2E80036D8BF /* Preview Assets.xcassets in Resources */,
				44A34CEA2376B2E80036D8BF /* Assets.xcassets in Resources */,
			);
			runOnlyForDeploymentPostprocessing = 0;
		};
/* End PBXResourcesBuildPhase section */

/* Begin PBXSourcesBuildPhase section */
		44A34CDC2376B2E60036D8BF /* Sources */ = {
			isa = PBXSourcesBuildPhase;
			buildActionMask = 2147483647;
			files = (
				44A34CFA2376BC5C0036D8BF /* Question.swift in Sources */,
				44A34CE42376B2E60036D8BF /* AppDelegate.swift in Sources */,
				44A34CE62376B2E60036D8BF /* SceneDelegate.swift in Sources */,
				44A34CF82376BB730036D8BF /* GameView.swift in Sources */,
				44A34CE82376B2E60036D8BF /* ContentView.swift in Sources */,
			);
			runOnlyForDeploymentPostprocessing = 0;
		};
/* End PBXSourcesBuildPhase section */

/* Begin PBXVariantGroup section */
		44A34CEE2376B2E80036D8BF /* LaunchScreen.storyboard */ = {
			isa = PBXVariantGroup;
			children = (
				44A34CEF2376B2E80036D8BF /* Base */,
			);
			name = LaunchScreen.storyboard;
			sourceTree = "<group>";
		};
/* End PBXVariantGroup section */

/* Begin XCBuildConfiguration section */
		44A34CF22376B2E80036D8BF /* Debug */ = {
			isa = XCBuildConfiguration;
			buildSettings = {
				ALWAYS_SEARCH_USER_PATHS = NO;
				CLANG_ANALYZER_NONNULL = YES;
				CLANG_ANALYZER_NUMBER_OBJECT_CONVERSION = YES_AGGRESSIVE;
				CLANG_CXX_LANGUAGE_STANDARD = "gnu++14";
				CLANG_CXX_LIBRARY = "libc++";
				CLANG_ENABLE_MODULES = YES;
				CLANG_ENABLE_OBJC_ARC = YES;
				CLANG_ENABLE_OBJC_WEAK = YES;
				CLANG_WARN_BLOCK_CAPTURE_AUTORELEASING = YES;
				CLANG_WARN_BOOL_CONVERSION = YES;
				CLANG_WARN_COMMA = YES;
				CLANG_WARN_CONSTANT_CONVERSION = YES;
				CLANG_WARN_DEPRECATED_OBJC_IMPLEMENTATIONS = YES;
				CLANG_WARN_DIRECT_OBJC_ISA_USAGE = YES_ERROR;
				CLANG_WARN_DOCUMENTATION_COMMENTS = YES;
				CLANG_WARN_EMPTY_BODY = YES;
				CLANG_WARN_ENUM_CONVERSION = YES;
				CLANG_WARN_INFINITE_RECURSION = YES;
				CLANG_WARN_INT_CONVERSION = YES;
				CLANG_WARN_NON_LITERAL_NULL_CONVERSION = YES;
				CLANG_WARN_OBJC_IMPLICIT_RETAIN_SELF = YES;
				CLANG_WARN_OBJC_LITERAL_CONVERSION = YES;
				CLANG_WARN_OBJC_ROOT_CLASS = YES_ERROR;
				CLANG_WARN_RANGE_LOOP_ANALYSIS = YES;
				CLANG_WARN_STRICT_PROTOTYPES = YES;
				CLANG_WARN_SUSPICIOUS_MOVE = YES;
				CLANG_WARN_UNGUARDED_AVAILABILITY = YES_AGGRESSIVE;
				CLANG_WARN_UNREACHABLE_CODE = YES;
				CLANG_WARN__DUPLICATE_METHOD_MATCH = YES;
				COPY_PHASE_STRIP = NO;
				DEBUG_INFORMATION_FORMAT = dwarf;
				ENABLE_STRICT_OBJC_MSGSEND = YES;
				ENABLE_TESTABILITY = YES;
				GCC_C_LANGUAGE_STANDARD = gnu11;
				GCC_DYNAMIC_NO_PIC = NO;
				GCC_NO_COMMON_BLOCKS = YES;
				GCC_OPTIMIZATION_LEVEL = 0;
				GCC_PREPROCESSOR_DEFINITIONS = (
					"DEBUG=1",
					"$(inherited)",
				);
				GCC_WARN_64_TO_32_BIT_CONVERSION = YES;
				GCC_WARN_ABOUT_RETURN_TYPE = YES_ERROR;
				GCC_WARN_UNDECLARED_SELECTOR = YES;
				GCC_WARN_UNINITIALIZED_AUTOS = YES_AGGRESSIVE;
				GCC_WARN_UNUSED_FUNCTION = YES;
				GCC_WARN_UNUSED_VARIABLE = YES;
				IPHONEOS_DEPLOYMENT_TARGET = 13.2;
				MTL_ENABLE_DEBUG_INFO = INCLUDE_SOURCE;
				MTL_FAST_MATH = YES;
				ONLY_ACTIVE_ARCH = YES;
				SDKROOT = iphoneos;
				SWIFT_ACTIVE_COMPILATION_CONDITIONS = DEBUG;
				SWIFT_OPTIMIZATION_LEVEL = "-Onone";
			};
			name = Debug;
		};
		44A34CF32376B2E80036D8BF /* Release */ = {
			isa = XCBuildConfiguration;
			buildSettings = {
				ALWAYS_SEARCH_USER_PATHS = NO;
				CLANG_ANALYZER_NONNULL = YES;
				CLANG_ANALYZER_NUMBER_OBJECT_CONVERSION = YES_AGGRESSIVE;
				CLANG_CXX_LANGUAGE_STANDARD = "gnu++14";
				CLANG_CXX_LIBRARY = "libc++";
				CLANG_ENABLE_MODULES = YES;
				CLANG_ENABLE_OBJC_ARC = YES;
				CLANG_ENABLE_OBJC_WEAK = YES;
				CLANG_WARN_BLOCK_CAPTURE_AUTORELEASING = YES;
				CLANG_WARN_BOOL_CONVERSION = YES;
				CLANG_WARN_COMMA = YES;
				CLANG_WARN_CONSTANT_CONVERSION = YES;
				CLANG_WARN_DEPRECATED_OBJC_IMPLEMENTATIONS = YES;
				CLANG_WARN_DIRECT_OBJC_ISA_USAGE = YES_ERROR;
				CLANG_WARN_DOCUMENTATION_COMMENTS = YES;
				CLANG_WARN_EMPTY_BODY = YES;
				CLANG_WARN_ENUM_CONVERSION = YES;
				CLANG_WARN_INFINITE_RECURSION = YES;
				CLANG_WARN_INT_CONVERSION = YES;
				CLANG_WARN_NON_LITERAL_NULL_CONVERSION = YES;
				CLANG_WARN_OBJC_IMPLICIT_RETAIN_SELF = YES;
				CLANG_WARN_OBJC_LITERAL_CONVERSION = YES;
				CLANG_WARN_OBJC_ROOT_CLASS = YES_ERROR;
				CLANG_WARN_RANGE_LOOP_ANALYSIS = YES;
				CLANG_WARN_STRICT_PROTOTYPES = YES;
				CLANG_WARN_SUSPICIOUS_MOVE = YES;
				CLANG_WARN_UNGUARDED_AVAILABILITY = YES_AGGRESSIVE;
				CLANG_WARN_UNREACHABLE_CODE = YES;
				CLANG_WARN__DUPLICATE_METHOD_MATCH = YES;
				COPY_PHASE_STRIP = NO;
				DEBUG_INFORMATION_FORMAT = "dwarf-with-dsym";
				ENABLE_NS_ASSERTIONS = NO;
				ENABLE_STRICT_OBJC_MSGSEND = YES;
				GCC_C_LANGUAGE_STANDARD = gnu11;
				GCC_NO_COMMON_BLOCKS = YES;
				GCC_WARN_64_TO_32_BIT_CONVERSION = YES;
				GCC_WARN_ABOUT_RETURN_TYPE = YES_ERROR;
				GCC_WARN_UNDECLARED_SELECTOR = YES;
				GCC_WARN_UNINITIALIZED_AUTOS = YES_AGGRESSIVE;
				GCC_WARN_UNUSED_FUNCTION = YES;
				GCC_WARN_UNUSED_VARIABLE = YES;
				IPHONEOS_DEPLOYMENT_TARGET = 13.2;
				MTL_ENABLE_DEBUG_INFO = NO;
				MTL_FAST_MATH = YES;
				SDKROOT = iphoneos;
				SWIFT_COMPILATION_MODE = wholemodule;
				SWIFT_OPTIMIZATION_LEVEL = "-O";
				VALIDATE_PRODUCT = YES;
			};
			name = Release;
		};
		44A34CF52376B2E80036D8BF /* Debug */ = {
			isa = XCBuildConfiguration;
			buildSettings = {
				ASSETCATALOG_COMPILER_APPICON_NAME = AppIcon;
				CODE_SIGN_STYLE = Automatic;
				DEVELOPMENT_ASSET_PATHS = "\"Challenge4-6/Preview Content\"";
				DEVELOPMENT_TEAM = X3FGZM4HB9;
				ENABLE_PREVIEWS = YES;
				INFOPLIST_FILE = "Challenge4-6/Info.plist";
				LD_RUNPATH_SEARCH_PATHS = (
					"$(inherited)",
					"@executable_path/Frameworks",
				);
				PRODUCT_BUNDLE_IDENTIFIER = "com.vad.Challenge4-6";
				PRODUCT_NAME = "$(TARGET_NAME)";
				SWIFT_VERSION = 5.0;
				TARGETED_DEVICE_FAMILY = "1,2";
			};
			name = Debug;
		};
		44A34CF62376B2E80036D8BF /* Release */ = {
			isa = XCBuildConfiguration;
			buildSettings = {
				ASSETCATALOG_COMPILER_APPICON_NAME = AppIcon;
				CODE_SIGN_STYLE = Automatic;
				DEVELOPMENT_ASSET_PATHS = "\"Challenge4-6/Preview Content\"";
				DEVELOPMENT_TEAM = X3FGZM4HB9;
				ENABLE_PREVIEWS = YES;
				INFOPLIST_FILE = "Challenge4-6/Info.plist";
				LD_RUNPATH_SEARCH_PATHS = (
					"$(inherited)",
					"@executable_path/Frameworks",
				);
				PRODUCT_BUNDLE_IDENTIFIER = "com.vad.Challenge4-6";
				PRODUCT_NAME = "$(TARGET_NAME)";
				SWIFT_VERSION = 5.0;
				TARGETED_DEVICE_FAMILY = "1,2";
			};
			name = Release;
		};
/* End XCBuildConfiguration section */

/* Begin XCConfigurationList section */
		44A34CDB2376B2E60036D8BF /* Build configuration list for PBXProject "Challenge4-6" */ = {
			isa = XCConfigurationList;
			buildConfigurations = (
				44A34CF22376B2E80036D8BF /* Debug */,
				44A34CF32376B2E80036D8BF /* Release */,
			);
			defaultConfigurationIsVisible = 0;
			defaultConfigurationName = Release;
		};
		44A34CF42376B2E80036D8BF /* Build configuration list for PBXNativeTarget "Challenge4-6" */ = {
			isa = XCConfigurationList;
			buildConfigurations = (
				44A34CF52376B2E80036D8BF /* Debug */,
				44A34CF62376B2E80036D8BF /* Release */,
			);
			defaultConfigurationIsVisible = 0;
			defaultConfigurationName = Release;
		};
/* End XCConfigurationList section */
	};
	rootObject = 44A34CD82376B2E60036D8BF /* Project object */;
}
