// !$*UTF8*$!
{
	archiveVersion = 1;
	classes = {
	};
	objectVersion = 50;
	objects = {

/* Begin PBXBuildFile section */
		44F04E3423B6061D00DB6B64 /* AppDelegate.swift in Sources */ = {isa = PBXBuildFile; fileRef = 44F04E3323B6061D00DB6B64 /* AppDelegate.swift */; };
		44F04E3623B6061D00DB6B64 /* SceneDelegate.swift in Sources */ = {isa = PBXBuildFile; fileRef = 44F04E3523B6061D00DB6B64 /* SceneDelegate.swift */; };
		44F04E3823B6061D00DB6B64 /* ContentView.swift in Sources */ = {isa = PBXBuildFile; fileRef = 44F04E3723B6061D00DB6B64 /* ContentView.swift */; };
		44F04E3A23B6062000DB6B64 /* Assets.xcassets in Resources */ = {isa = PBXBuildFile; fileRef = 44F04E3923B6062000DB6B64 /* Assets.xcassets */; };
		44F04E3D23B6062000DB6B64 /* Preview Assets.xcassets in Resources */ = {isa = PBXBuildFile; fileRef = 44F04E3C23B6062000DB6B64 /* Preview Assets.xcassets */; };
		44F04E4023B6062000DB6B64 /* LaunchScreen.storyboard in Resources */ = {isa = PBXBuildFile; fileRef = 44F04E3E23B6062000DB6B64 /* LaunchScreen.storyboard */; };
		44F04E4923B60C4300DB6B64 /* CustomeAlignment.swift in Sources */ = {isa = PBXBuildFile; fileRef = 44F04E4823B60C4300DB6B64 /* CustomeAlignment.swift */; };
		44F04E4C23B60DC900DB6B64 /* 93_2.swift in Sources */ = {isa = PBXBuildFile; fileRef = 44F04E4B23B60DC900DB6B64 /* 93_2.swift */; };
		44F04E4E23B60E0900DB6B64 /* d933.swift in Sources */ = {isa = PBXBuildFile; fileRef = 44F04E4D23B60E0900DB6B64 /* d933.swift */; };
		44F04E5023B60E9200DB6B64 /* d93_geo_scroll1.swift in Sources */ = {isa = PBXBuildFile; fileRef = 44F04E4F23B60E9200DB6B64 /* d93_geo_scroll1.swift */; };
		44F04E5223B60F3000DB6B64 /* d93_geo_scroll2.swift in Sources */ = {isa = PBXBuildFile; fileRef = 44F04E5123B60F3000DB6B64 /* d93_geo_scroll2.swift */; };
/* End PBXBuildFile section */

/* Begin PBXFileReference section */
		44F04E3023B6061D00DB6B64 /* Project18.app */ = {isa = PBXFileReference; explicitFileType = wrapper.application; includeInIndex = 0; path = Project18.app; sourceTree = BUILT_PRODUCTS_DIR; };
		44F04E3323B6061D00DB6B64 /* AppDelegate.swift */ = {isa = PBXFileReference; lastKnownFileType = sourcecode.swift; path = AppDelegate.swift; sourceTree = "<group>"; };
		44F04E3523B6061D00DB6B64 /* SceneDelegate.swift */ = {isa = PBXFileReference; lastKnownFileType = sourcecode.swift; path = SceneDelegate.swift; sourceTree = "<group>"; };
		44F04E3723B6061D00DB6B64 /* ContentView.swift */ = {isa = PBXFileReference; lastKnownFileType = sourcecode.swift; path = ContentView.swift; sourceTree = "<group>"; };
		44F04E3923B6062000DB6B64 /* Assets.xcassets */ = {isa = PBXFileReference; lastKnownFileType = folder.assetcatalog; path = Assets.xcassets; sourceTree = "<group>"; };
		44F04E3C23B6062000DB6B64 /* Preview Assets.xcassets */ = {isa = PBXFileReference; lastKnownFileType = folder.assetcatalog; path = "Preview Assets.xcassets"; sourceTree = "<group>"; };
		44F04E3F23B6062000DB6B64 /* Base */ = {isa = PBXFileReference; lastKnownFileType = file.storyboard; name = Base; path = Base.lproj/LaunchScreen.storyboard; sourceTree = "<group>"; };
		44F04E4123B6062000DB6B64 /* Info.plist */ = {isa = PBXFileReference; lastKnownFileType = text.plist.xml; path = Info.plist; sourceTree = "<group>"; };
		44F04E4823B60C4300DB6B64 /* CustomeAlignment.swift */ = {isa = PBXFileReference; lastKnownFileType = sourcecode.swift; path = CustomeAlignment.swift; sourceTree = "<group>"; };
		44F04E4B23B60DC900DB6B64 /* 93_2.swift */ = {isa = PBXFileReference; lastKnownFileType = sourcecode.swift; path = 93_2.swift; sourceTree = "<group>"; };
		44F04E4D23B60E0900DB6B64 /* d933.swift */ = {isa = PBXFileReference; lastKnownFileType = sourcecode.swift; path = d933.swift; sourceTree = "<group>"; };
		44F04E4F23B60E9200DB6B64 /* d93_geo_scroll1.swift */ = {isa = PBXFileReference; lastKnownFileType = sourcecode.swift; path = d93_geo_scroll1.swift; sourceTree = "<group>"; };
		44F04E5123B60F3000DB6B64 /* d93_geo_scroll2.swift */ = {isa = PBXFileReference; lastKnownFileType = sourcecode.swift; path = d93_geo_scroll2.swift; sourceTree = "<group>"; };
/* End PBXFileReference section */

/* Begin PBXFrameworksBuildPhase section */
		44F04E2D23B6061D00DB6B64 /* Frameworks */ = {
			isa = PBXFrameworksBuildPhase;
			buildActionMask = 2147483647;
			files = (
			);
			runOnlyForDeploymentPostprocessing = 0;
		};
/* End PBXFrameworksBuildPhase section */

/* Begin PBXGroup section */
		44F04E2723B6061D00DB6B64 = {
			isa = PBXGroup;
			children = (
				44F04E3223B6061D00DB6B64 /* Project18 */,
				44F04E3123B6061D00DB6B64 /* Products */,
			);
			sourceTree = "<group>";
		};
		44F04E3123B6061D00DB6B64 /* Products */ = {
			isa = PBXGroup;
			children = (
				44F04E3023B6061D00DB6B64 /* Project18.app */,
			);
			name = Products;
			sourceTree = "<group>";
		};
		44F04E3223B6061D00DB6B64 /* Project18 */ = {
			isa = PBXGroup;
			children = (
				44F04E4A23B60CA300DB6B64 /* 93 */,
				44F04E4723B60C2E00DB6B64 /* 92 */,
				44F04E3323B6061D00DB6B64 /* AppDelegate.swift */,
				44F04E3523B6061D00DB6B64 /* SceneDelegate.swift */,
				44F04E3723B6061D00DB6B64 /* ContentView.swift */,
				44F04E3923B6062000DB6B64 /* Assets.xcassets */,
				44F04E3E23B6062000DB6B64 /* LaunchScreen.storyboard */,
				44F04E4123B6062000DB6B64 /* Info.plist */,
				44F04E3B23B6062000DB6B64 /* Preview Content */,
			);
			path = Project18;
			sourceTree = "<group>";
		};
		44F04E3B23B6062000DB6B64 /* Preview Content */ = {
			isa = PBXGroup;
			children = (
				44F04E3C23B6062000DB6B64 /* Preview Assets.xcassets */,
			);
			path = "Preview Content";
			sourceTree = "<group>";
		};
		44F04E4723B60C2E00DB6B64 /* 92 */ = {
			isa = PBXGroup;
			children = (
				44F04E4823B60C4300DB6B64 /* CustomeAlignment.swift */,
			);
			path = 92;
			sourceTree = "<group>";
		};
		44F04E4A23B60CA300DB6B64 /* 93 */ = {
			isa = PBXGroup;
			children = (
				44F04E4B23B60DC900DB6B64 /* 93_2.swift */,
				44F04E4D23B60E0900DB6B64 /* d933.swift */,
				44F04E4F23B60E9200DB6B64 /* d93_geo_scroll1.swift */,
				44F04E5123B60F3000DB6B64 /* d93_geo_scroll2.swift */,
			);
			path = 93;
			sourceTree = "<group>";
		};
/* End PBXGroup section */

/* Begin PBXNativeTarget section */
		44F04E2F23B6061D00DB6B64 /* Project18 */ = {
			isa = PBXNativeTarget;
			buildConfigurationList = 44F04E4423B6062000DB6B64 /* Build configuration list for PBXNativeTarget "Project18" */;
			buildPhases = (
				44F04E2C23B6061D00DB6B64 /* Sources */,
				44F04E2D23B6061D00DB6B64 /* Frameworks */,
				44F04E2E23B6061D00DB6B64 /* Resources */,
			);
			buildRules = (
			);
			dependencies = (
			);
			name = Project18;
			productName = Project18;
			productReference = 44F04E3023B6061D00DB6B64 /* Project18.app */;
			productType = "com.apple.product-type.application";
		};
/* End PBXNativeTarget section */

/* Begin PBXProject section */
		44F04E2823B6061D00DB6B64 /* Project object */ = {
			isa = PBXProject;
			attributes = {
				LastSwiftUpdateCheck = 1130;
				LastUpgradeCheck = 1130;
				ORGANIZATIONNAME = "Liem Vo";
				TargetAttributes = {
					44F04E2F23B6061D00DB6B64 = {
						CreatedOnToolsVersion = 11.3;
					};
				};
			};
			buildConfigurationList = 44F04E2B23B6061D00DB6B64 /* Build configuration list for PBXProject "Project18" */;
			compatibilityVersion = "Xcode 9.3";
			developmentRegion = en;
			hasScannedForEncodings = 0;
			knownRegions = (
				en,
				Base,
			);
			mainGroup = 44F04E2723B6061D00DB6B64;
			productRefGroup = 44F04E3123B6061D00DB6B64 /* Products */;
			projectDirPath = "";
			projectRoot = "";
			targets = (
				44F04E2F23B6061D00DB6B64 /* Project18 */,
			);
		};
/* End PBXProject section */

/* Begin PBXResourcesBuildPhase section */
		44F04E2E23B6061D00DB6B64 /* Resources */ = {
			isa = PBXResourcesBuildPhase;
			buildActionMask = 2147483647;
			files = (
				44F04E4023B6062000DB6B64 /* LaunchScreen.storyboard in Resources */,
				44F04E3D23B6062000DB6B64 /* Preview Assets.xcassets in Resources */,
				44F04E3A23B6062000DB6B64 /* Assets.xcassets in Resources */,
			);
			runOnlyForDeploymentPostprocessing = 0;
		};
/* End PBXResourcesBuildPhase section */

/* Begin PBXSourcesBuildPhase section */
		44F04E2C23B6061D00DB6B64 /* Sources */ = {
			isa = PBXSourcesBuildPhase;
			buildActionMask = 2147483647;
			files = (
				44F04E4923B60C4300DB6B64 /* CustomeAlignment.swift in Sources */,
				44F04E5023B60E9200DB6B64 /* d93_geo_scroll1.swift in Sources */,
				44F04E5223B60F3000DB6B64 /* d93_geo_scroll2.swift in Sources */,
				44F04E3423B6061D00DB6B64 /* AppDelegate.swift in Sources */,
				44F04E4E23B60E0900DB6B64 /* d933.swift in Sources */,
				44F04E3623B6061D00DB6B64 /* SceneDelegate.swift in Sources */,
				44F04E4C23B60DC900DB6B64 /* 93_2.swift in Sources */,
				44F04E3823B6061D00DB6B64 /* ContentView.swift in Sources */,
			);
			runOnlyForDeploymentPostprocessing = 0;
		};
/* End PBXSourcesBuildPhase section */

/* Begin PBXVariantGroup section */
		44F04E3E23B6062000DB6B64 /* LaunchScreen.storyboard */ = {
			isa = PBXVariantGroup;
			children = (
				44F04E3F23B6062000DB6B64 /* Base */,
			);
			name = LaunchScreen.storyboard;
			sourceTree = "<group>";
		};
/* End PBXVariantGroup section */

/* Begin XCBuildConfiguration section */
		44F04E4223B6062000DB6B64 /* Debug */ = {
			isa = XCBuildConfiguration;
			buildSettings = {
				ALWAYS_SEARCH_USER_PATHS = NO;
				CLANG_ANALYZER_NONNULL = YES;
				CLANG_ANALYZER_NUMBER_OBJECT_CONVERSION = YES_AGGRESSIVE;
				CLANG_CXX_LANGUAGE_STANDARD = "gnu++14";
				CLANG_CXX_LIBRARY = "libc++";
				CLANG_ENABLE_MODULES = YES;
				CLANG_ENABLE_OBJC_ARC = YES;
				CLANG_ENABLE_OBJC_WEAK = YES;
				CLANG_WARN_BLOCK_CAPTURE_AUTORELEASING = YES;
				CLANG_WARN_BOOL_CONVERSION = YES;
				CLANG_WARN_COMMA = YES;
				CLANG_WARN_CONSTANT_CONVERSION = YES;
				CLANG_WARN_DEPRECATED_OBJC_IMPLEMENTATIONS = YES;
				CLANG_WARN_DIRECT_OBJC_ISA_USAGE = YES_ERROR;
				CLANG_WARN_DOCUMENTATION_COMMENTS = YES;
				CLANG_WARN_EMPTY_BODY = YES;
				CLANG_WARN_ENUM_CONVERSION = YES;
				CLANG_WARN_INFINITE_RECURSION = YES;
				CLANG_WARN_INT_CONVERSION = YES;
				CLANG_WARN_NON_LITERAL_NULL_CONVERSION = YES;
				CLANG_WARN_OBJC_IMPLICIT_RETAIN_SELF = YES;
				CLANG_WARN_OBJC_LITERAL_CONVERSION = YES;
				CLANG_WARN_OBJC_ROOT_CLASS = YES_ERROR;
				CLANG_WARN_RANGE_LOOP_ANALYSIS = YES;
				CLANG_WARN_STRICT_PROTOTYPES = YES;
				CLANG_WARN_SUSPICIOUS_MOVE = YES;
				CLANG_WARN_UNGUARDED_AVAILABILITY = YES_AGGRESSIVE;
				CLANG_WARN_UNREACHABLE_CODE = YES;
				CLANG_WARN__DUPLICATE_METHOD_MATCH = YES;
				COPY_PHASE_STRIP = NO;
				DEBUG_INFORMATION_FORMAT = dwarf;
				ENABLE_STRICT_OBJC_MSGSEND = YES;
				ENABLE_TESTABILITY = YES;
				GCC_C_LANGUAGE_STANDARD = gnu11;
				GCC_DYNAMIC_NO_PIC = NO;
				GCC_NO_COMMON_BLOCKS = YES;
				GCC_OPTIMIZATION_LEVEL = 0;
				GCC_PREPROCESSOR_DEFINITIONS = (
					"DEBUG=1",
					"$(inherited)",
				);
				GCC_WARN_64_TO_32_BIT_CONVERSION = YES;
				GCC_WARN_ABOUT_RETURN_TYPE = YES_ERROR;
				GCC_WARN_UNDECLARED_SELECTOR = YES;
				GCC_WARN_UNINITIALIZED_AUTOS = YES_AGGRESSIVE;
				GCC_WARN_UNUSED_FUNCTION = YES;
				GCC_WARN_UNUSED_VARIABLE = YES;
				IPHONEOS_DEPLOYMENT_TARGET = 13.2;
				MTL_ENABLE_DEBUG_INFO = INCLUDE_SOURCE;
				MTL_FAST_MATH = YES;
				ONLY_ACTIVE_ARCH = YES;
				SDKROOT = iphoneos;
				SWIFT_ACTIVE_COMPILATION_CONDITIONS = DEBUG;
				SWIFT_OPTIMIZATION_LEVEL = "-Onone";
			};
			name = Debug;
		};
		44F04E4323B6062000DB6B64 /* Release */ = {
			isa = XCBuildConfiguration;
			buildSettings = {
				ALWAYS_SEARCH_USER_PATHS = NO;
				CLANG_ANALYZER_NONNULL = YES;
				CLANG_ANALYZER_NUMBER_OBJECT_CONVERSION = YES_AGGRESSIVE;
				CLANG_CXX_LANGUAGE_STANDARD = "gnu++14";
				CLANG_CXX_LIBRARY = "libc++";
				CLANG_ENABLE_MODULES = YES;
				CLANG_ENABLE_OBJC_ARC = YES;
				CLANG_ENABLE_OBJC_WEAK = YES;
				CLANG_WARN_BLOCK_CAPTURE_AUTORELEASING = YES;
				CLANG_WARN_BOOL_CONVERSION = YES;
				CLANG_WARN_COMMA = YES;
				CLANG_WARN_CONSTANT_CONVERSION = YES;
				CLANG_WARN_DEPRECATED_OBJC_IMPLEMENTATIONS = YES;
				CLANG_WARN_DIRECT_OBJC_ISA_USAGE = YES_ERROR;
				CLANG_WARN_DOCUMENTATION_COMMENTS = YES;
				CLANG_WARN_EMPTY_BODY = YES;
				CLANG_WARN_ENUM_CONVERSION = YES;
				CLANG_WARN_INFINITE_RECURSION = YES;
				CLANG_WARN_INT_CONVERSION = YES;
				CLANG_WARN_NON_LITERAL_NULL_CONVERSION = YES;
				CLANG_WARN_OBJC_IMPLICIT_RETAIN_SELF = YES;
				CLANG_WARN_OBJC_LITERAL_CONVERSION = YES;
				CLANG_WARN_OBJC_ROOT_CLASS = YES_ERROR;
				CLANG_WARN_RANGE_LOOP_ANALYSIS = YES;
				CLANG_WARN_STRICT_PROTOTYPES = YES;
				CLANG_WARN_SUSPICIOUS_MOVE = YES;
				CLANG_WARN_UNGUARDED_AVAILABILITY = YES_AGGRESSIVE;
				CLANG_WARN_UNREACHABLE_CODE = YES;
				CLANG_WARN__DUPLICATE_METHOD_MATCH = YES;
				COPY_PHASE_STRIP = NO;
				DEBUG_INFORMATION_FORMAT = "dwarf-with-dsym";
				ENABLE_NS_ASSERTIONS = NO;
				ENABLE_STRICT_OBJC_MSGSEND = YES;
				GCC_C_LANGUAGE_STANDARD = gnu11;
				GCC_NO_COMMON_BLOCKS = YES;
				GCC_WARN_64_TO_32_BIT_CONVERSION = YES;
				GCC_WARN_ABOUT_RETURN_TYPE = YES_ERROR;
				GCC_WARN_UNDECLARED_SELECTOR = YES;
				GCC_WARN_UNINITIALIZED_AUTOS = YES_AGGRESSIVE;
				GCC_WARN_UNUSED_FUNCTION = YES;
				GCC_WARN_UNUSED_VARIABLE = YES;
				IPHONEOS_DEPLOYMENT_TARGET = 13.2;
				MTL_ENABLE_DEBUG_INFO = NO;
				MTL_FAST_MATH = YES;
				SDKROOT = iphoneos;
				SWIFT_COMPILATION_MODE = wholemodule;
				SWIFT_OPTIMIZATION_LEVEL = "-O";
				VALIDATE_PRODUCT = YES;
			};
			name = Release;
		};
		44F04E4523B6062000DB6B64 /* Debug */ = {
			isa = XCBuildConfiguration;
			buildSettings = {
				ASSETCATALOG_COMPILER_APPICON_NAME = AppIcon;
				CODE_SIGN_STYLE = Automatic;
				DEVELOPMENT_ASSET_PATHS = "\"Project18/Preview Content\"";
				DEVELOPMENT_TEAM = X3FGZM4HB9;
				ENABLE_PREVIEWS = YES;
				INFOPLIST_FILE = Project18/Info.plist;
				LD_RUNPATH_SEARCH_PATHS = (
					"$(inherited)",
					"@executable_path/Frameworks",
				);
				PRODUCT_BUNDLE_IDENTIFIER = com.vad.Project18;
				PRODUCT_NAME = "$(TARGET_NAME)";
				SWIFT_VERSION = 5.0;
				TARGETED_DEVICE_FAMILY = "1,2";
			};
			name = Debug;
		};
		44F04E4623B6062000DB6B64 /* Release */ = {
			isa = XCBuildConfiguration;
			buildSettings = {
				ASSETCATALOG_COMPILER_APPICON_NAME = AppIcon;
				CODE_SIGN_STYLE = Automatic;
				DEVELOPMENT_ASSET_PATHS = "\"Project18/Preview Content\"";
				DEVELOPMENT_TEAM = X3FGZM4HB9;
				ENABLE_PREVIEWS = YES;
				INFOPLIST_FILE = Project18/Info.plist;
				LD_RUNPATH_SEARCH_PATHS = (
					"$(inherited)",
					"@executable_path/Frameworks",
				);
				PRODUCT_BUNDLE_IDENTIFIER = com.vad.Project18;
				PRODUCT_NAME = "$(TARGET_NAME)";
				SWIFT_VERSION = 5.0;
				TARGETED_DEVICE_FAMILY = "1,2";
			};
			name = Release;
		};
/* End XCBuildConfiguration section */

/* Begin XCConfigurationList section */
		44F04E2B23B6061D00DB6B64 /* Build configuration list for PBXProject "Project18" */ = {
			isa = XCConfigurationList;
			buildConfigurations = (
				44F04E4223B6062000DB6B64 /* Debug */,
				44F04E4323B6062000DB6B64 /* Release */,
			);
			defaultConfigurationIsVisible = 0;
			defaultConfigurationName = Release;
		};
		44F04E4423B6062000DB6B64 /* Build configuration list for PBXNativeTarget "Project18" */ = {
			isa = XCConfigurationList;
			buildConfigurations = (
				44F04E4523B6062000DB6B64 /* Debug */,
				44F04E4623B6062000DB6B64 /* Release */,
			);
			defaultConfigurationIsVisible = 0;
			defaultConfigurationName = Release;
		};
/* End XCConfigurationList section */
	};
	rootObject = 44F04E2823B6061D00DB6B64 /* Project object */;
}
